// !$*UTF8*$!
{
	archiveVersion = 1;
	classes = {
	};
	objectVersion = 46;
	objects = {

/* Begin PBXBuildFile section */
		1144858C1AC84DE900846557 /* DetailCollectionViewController.swift in Sources */ = {isa = PBXBuildFile; fileRef = 1144858B1AC84DE900846557 /* DetailCollectionViewController.swift */; };
		1144858E1AC85B3500846557 /* DatePickerViewController.swift in Sources */ = {isa = PBXBuildFile; fileRef = 1144858D1AC85B3500846557 /* DatePickerViewController.swift */; };
		116181B51AC7995900091A97 /* AppDelegate.swift in Sources */ = {isa = PBXBuildFile; fileRef = 116181B41AC7995900091A97 /* AppDelegate.swift */; };
		116181B81AC7995900091A97 /* MRTBHearingScreening.xcdatamodeld in Sources */ = {isa = PBXBuildFile; fileRef = 116181B61AC7995900091A97 /* MRTBHearingScreening.xcdatamodeld */; };
		116181BD1AC7995900091A97 /* Main.storyboard in Resources */ = {isa = PBXBuildFile; fileRef = 116181BB1AC7995900091A97 /* Main.storyboard */; };
		116181BF1AC7995900091A97 /* Images.xcassets in Resources */ = {isa = PBXBuildFile; fileRef = 116181BE1AC7995900091A97 /* Images.xcassets */; };
		116181C21AC7995900091A97 /* LaunchScreen.xib in Resources */ = {isa = PBXBuildFile; fileRef = 116181C01AC7995900091A97 /* LaunchScreen.xib */; };
		116181F61AC79A7800091A97 /* AsyncButton.swift in Sources */ = {isa = PBXBuildFile; fileRef = 116181D81AC79A7800091A97 /* AsyncButton.swift */; };
		116181F71AC79A7800091A97 /* AsyncImageView.swift in Sources */ = {isa = PBXBuildFile; fileRef = 116181D91AC79A7800091A97 /* AsyncImageView.swift */; };
		116181F81AC79A7800091A97 /* AutoTextView.swift in Sources */ = {isa = PBXBuildFile; fileRef = 116181DA1AC79A7800091A97 /* AutoTextView.swift */; };
		116181F91AC79A7800091A97 /* BlurView.swift in Sources */ = {isa = PBXBuildFile; fileRef = 116181DB1AC79A7800091A97 /* BlurView.swift */; };
		116181FA1AC79A7800091A97 /* DesignableButton.swift in Sources */ = {isa = PBXBuildFile; fileRef = 116181DC1AC79A7800091A97 /* DesignableButton.swift */; };
		116181FB1AC79A7800091A97 /* DesignableImageView.swift in Sources */ = {isa = PBXBuildFile; fileRef = 116181DD1AC79A7800091A97 /* DesignableImageView.swift */; };
		116181FC1AC79A7800091A97 /* DesignableLabel.swift in Sources */ = {isa = PBXBuildFile; fileRef = 116181DE1AC79A7800091A97 /* DesignableLabel.swift */; };
		116181FD1AC79A7800091A97 /* DesignableTabBarController.swift in Sources */ = {isa = PBXBuildFile; fileRef = 116181DF1AC79A7800091A97 /* DesignableTabBarController.swift */; };
		116181FE1AC79A7800091A97 /* DesignableTextField.swift in Sources */ = {isa = PBXBuildFile; fileRef = 116181E01AC79A7800091A97 /* DesignableTextField.swift */; };
		116181FF1AC79A7800091A97 /* DesignableTextView.swift in Sources */ = {isa = PBXBuildFile; fileRef = 116181E11AC79A7800091A97 /* DesignableTextView.swift */; };
		116182001AC79A7800091A97 /* DesignableView.swift in Sources */ = {isa = PBXBuildFile; fileRef = 116181E21AC79A7800091A97 /* DesignableView.swift */; };
		116182011AC79A7800091A97 /* ImageLoader.swift in Sources */ = {isa = PBXBuildFile; fileRef = 116181E31AC79A7800091A97 /* ImageLoader.swift */; };
		116182021AC79A7800091A97 /* Info.plist in Resources */ = {isa = PBXBuildFile; fileRef = 116181E41AC79A7800091A97 /* Info.plist */; };
		116182031AC79A7800091A97 /* KeyboardLayoutConstraint.swift in Sources */ = {isa = PBXBuildFile; fileRef = 116181E51AC79A7800091A97 /* KeyboardLayoutConstraint.swift */; };
		116182041AC79A7800091A97 /* LoadingView.swift in Sources */ = {isa = PBXBuildFile; fileRef = 116181E61AC79A7800091A97 /* LoadingView.swift */; };
		116182051AC79A7800091A97 /* LoadingView.xib in Resources */ = {isa = PBXBuildFile; fileRef = 116181E71AC79A7800091A97 /* LoadingView.xib */; };
		116182061AC79A7800091A97 /* Misc.swift in Sources */ = {isa = PBXBuildFile; fileRef = 116181E81AC79A7800091A97 /* Misc.swift */; };
		116182071AC79A7800091A97 /* SoundPlayer.swift in Sources */ = {isa = PBXBuildFile; fileRef = 116181E91AC79A7800091A97 /* SoundPlayer.swift */; };
		116182081AC79A7800091A97 /* Spring.swift in Sources */ = {isa = PBXBuildFile; fileRef = 116181EB1AC79A7800091A97 /* Spring.swift */; };
		116182091AC79A7800091A97 /* SpringAnimation.swift in Sources */ = {isa = PBXBuildFile; fileRef = 116181EC1AC79A7800091A97 /* SpringAnimation.swift */; };
		1161820A1AC79A7800091A97 /* SpringButton.swift in Sources */ = {isa = PBXBuildFile; fileRef = 116181ED1AC79A7800091A97 /* SpringButton.swift */; };
		1161820B1AC79A7800091A97 /* SpringImageView.swift in Sources */ = {isa = PBXBuildFile; fileRef = 116181EE1AC79A7800091A97 /* SpringImageView.swift */; };
		1161820C1AC79A7800091A97 /* SpringLabel.swift in Sources */ = {isa = PBXBuildFile; fileRef = 116181EF1AC79A7800091A97 /* SpringLabel.swift */; };
		1161820D1AC79A7800091A97 /* SpringTextField.swift in Sources */ = {isa = PBXBuildFile; fileRef = 116181F01AC79A7800091A97 /* SpringTextField.swift */; };
		1161820E1AC79A7800091A97 /* SpringTextView.swift in Sources */ = {isa = PBXBuildFile; fileRef = 116181F11AC79A7800091A97 /* SpringTextView.swift */; };
		1161820F1AC79A7800091A97 /* SpringView.swift in Sources */ = {isa = PBXBuildFile; fileRef = 116181F21AC79A7800091A97 /* SpringView.swift */; };
		116182101AC79A7800091A97 /* TransitionManager.swift in Sources */ = {isa = PBXBuildFile; fileRef = 116181F31AC79A7800091A97 /* TransitionManager.swift */; };
		116182111AC79A7800091A97 /* TransitionZoom.swift in Sources */ = {isa = PBXBuildFile; fileRef = 116181F41AC79A7800091A97 /* TransitionZoom.swift */; };
		116182121AC79A7800091A97 /* UnwindSegue.swift in Sources */ = {isa = PBXBuildFile; fileRef = 116181F51AC79A7800091A97 /* UnwindSegue.swift */; };
		116182141AC7B73600091A97 /* LoginViewController.swift in Sources */ = {isa = PBXBuildFile; fileRef = 116182131AC7B73600091A97 /* LoginViewController.swift */; };
		1161821B1AC7CBE200091A97 /* PasscodeStatus.swift in Sources */ = {isa = PBXBuildFile; fileRef = 1161821A1AC7CBE200091A97 /* PasscodeStatus.swift */; };
		1161821D1AC7D18F00091A97 /* KeyChainWrapper.swift in Sources */ = {isa = PBXBuildFile; fileRef = 1161821C1AC7D18F00091A97 /* KeyChainWrapper.swift */; };
		1161821F1AC804EA00091A97 /* TestsTableViewController.swift in Sources */ = {isa = PBXBuildFile; fileRef = 1161821E1AC804EA00091A97 /* TestsTableViewController.swift */; };
		116182211AC8056600091A97 /* DetailTableViewController.swift in Sources */ = {isa = PBXBuildFile; fileRef = 116182201AC8056600091A97 /* DetailTableViewController.swift */; };
		116182231AC8059F00091A97 /* UtilityFunctions.swift in Sources */ = {isa = PBXBuildFile; fileRef = 116182221AC8059F00091A97 /* UtilityFunctions.swift */; };
		B03C52211ACEF3C400728F14 /* TestDetailView.swift in Sources */ = {isa = PBXBuildFile; fileRef = B03C52201ACEF3C400728F14 /* TestDetailView.swift */; };
		B03C52261ACF1C6900728F14 /* PatientDetailEditViewController.swift in Sources */ = {isa = PBXBuildFile; fileRef = B03C52251ACF1C6900728F14 /* PatientDetailEditViewController.swift */; };
		B0575DAA1ACAF51B006165F3 /* Test.swift in Sources */ = {isa = PBXBuildFile; fileRef = B0575DA91ACAF51B006165F3 /* Test.swift */; };
		B0575DAC1ACC2E7B006165F3 /* ManagedTextField.swift in Sources */ = {isa = PBXBuildFile; fileRef = B0575DAB1ACC2E7B006165F3 /* ManagedTextField.swift */; };
		B0575DAE1ACC4427006165F3 /* ManagedSegmentedControl.swift in Sources */ = {isa = PBXBuildFile; fileRef = B0575DAD1ACC4427006165F3 /* ManagedSegmentedControl.swift */; };
		B0575DB01ACDC459006165F3 /* ManagedLabel.swift in Sources */ = {isa = PBXBuildFile; fileRef = B0575DAF1ACDC459006165F3 /* ManagedLabel.swift */; };
		B0575DB21ACDD7AE006165F3 /* TestDetailEditViewController.swift in Sources */ = {isa = PBXBuildFile; fileRef = B0575DB11ACDD7AE006165F3 /* TestDetailEditViewController.swift */; };
		B06DA3F31AE63E150053E8BE /* SettingsTableViewController.swift in Sources */ = {isa = PBXBuildFile; fileRef = B06DA3F21AE63E150053E8BE /* SettingsTableViewController.swift */; };
		B071FAC51AE77F64007F86FE /* SettingsDetailTableViewController.swift in Sources */ = {isa = PBXBuildFile; fileRef = B071FAC41AE77F64007F86FE /* SettingsDetailTableViewController.swift */; };
		B075820F1AD04E5A001972B5 /* MRTBHearingScreening.plist in Resources */ = {isa = PBXBuildFile; fileRef = B075820E1AD04E5A001972B5 /* MRTBHearingScreening.plist */; };
		B07582131AD21994001972B5 /* FileManagerTableViewController.swift in Sources */ = {isa = PBXBuildFile; fileRef = B07582121AD21994001972B5 /* FileManagerTableViewController.swift */; };
		B09B05691AD5F89700E9D9DC /* SaveFileViewController.swift in Sources */ = {isa = PBXBuildFile; fileRef = B09B05681AD5F89700E9D9DC /* SaveFileViewController.swift */; };
		B0A423B01ACF53C9001899D8 /* ConductionDetailTableViewController.swift in Sources */ = {isa = PBXBuildFile; fileRef = B0A423AF1ACF53C9001899D8 /* ConductionDetailTableViewController.swift */; };
		B0A423B21ACFA2C7001899D8 /* ConductionDetailTableViewCell.swift in Sources */ = {isa = PBXBuildFile; fileRef = B0A423B11ACFA2C7001899D8 /* ConductionDetailTableViewCell.swift */; };
		B0A423B41ACFC549001899D8 /* HistoryDetailViewController.swift in Sources */ = {isa = PBXBuildFile; fileRef = B0A423B31ACFC549001899D8 /* HistoryDetailViewController.swift */; };
		B0A423B61ACFCA6E001899D8 /* BaselineDetailViewController.swift in Sources */ = {isa = PBXBuildFile; fileRef = B0A423B51ACFCA6E001899D8 /* BaselineDetailViewController.swift */; };
		B0A423B81ACFD9FA001899D8 /* MonthlyDetailViewController.swift in Sources */ = {isa = PBXBuildFile; fileRef = B0A423B71ACFD9FA001899D8 /* MonthlyDetailViewController.swift */; };
		B0A423BA1ACFDA0B001899D8 /* OtoscopyDetailsViewController.swift in Sources */ = {isa = PBXBuildFile; fileRef = B0A423B91ACFDA0B001899D8 /* OtoscopyDetailsViewController.swift */; };
/* End PBXBuildFile section */

/* Begin PBXFileReference section */
		1144858B1AC84DE900846557 /* DetailCollectionViewController.swift */ = {isa = PBXFileReference; fileEncoding = 4; lastKnownFileType = sourcecode.swift; path = DetailCollectionViewController.swift; sourceTree = "<group>"; };
		1144858D1AC85B3500846557 /* DatePickerViewController.swift */ = {isa = PBXFileReference; fileEncoding = 4; lastKnownFileType = sourcecode.swift; path = DatePickerViewController.swift; sourceTree = "<group>"; };
		116181AF1AC7995900091A97 /* MRTBHearingScreening.app */ = {isa = PBXFileReference; explicitFileType = wrapper.application; includeInIndex = 0; path = MRTBHearingScreening.app; sourceTree = BUILT_PRODUCTS_DIR; };
		116181B31AC7995900091A97 /* Info.plist */ = {isa = PBXFileReference; lastKnownFileType = text.plist.xml; path = Info.plist; sourceTree = "<group>"; };
		116181B41AC7995900091A97 /* AppDelegate.swift */ = {isa = PBXFileReference; lastKnownFileType = sourcecode.swift; path = AppDelegate.swift; sourceTree = "<group>"; };
		116181B71AC7995900091A97 /* MRTBHearingScreening.xcdatamodel */ = {isa = PBXFileReference; lastKnownFileType = wrapper.xcdatamodel; path = MRTBHearingScreening.xcdatamodel; sourceTree = "<group>"; };
		116181BC1AC7995900091A97 /* Base */ = {isa = PBXFileReference; lastKnownFileType = file.storyboard; name = Base; path = Base.lproj/Main.storyboard; sourceTree = "<group>"; };
		116181BE1AC7995900091A97 /* Images.xcassets */ = {isa = PBXFileReference; lastKnownFileType = folder.assetcatalog; path = Images.xcassets; sourceTree = "<group>"; };
		116181C11AC7995900091A97 /* Base */ = {isa = PBXFileReference; lastKnownFileType = file.xib; name = Base; path = Base.lproj/LaunchScreen.xib; sourceTree = "<group>"; };
		116181D81AC79A7800091A97 /* AsyncButton.swift */ = {isa = PBXFileReference; fileEncoding = 4; lastKnownFileType = sourcecode.swift; path = AsyncButton.swift; sourceTree = "<group>"; };
		116181D91AC79A7800091A97 /* AsyncImageView.swift */ = {isa = PBXFileReference; fileEncoding = 4; lastKnownFileType = sourcecode.swift; path = AsyncImageView.swift; sourceTree = "<group>"; };
		116181DA1AC79A7800091A97 /* AutoTextView.swift */ = {isa = PBXFileReference; fileEncoding = 4; lastKnownFileType = sourcecode.swift; path = AutoTextView.swift; sourceTree = "<group>"; };
		116181DB1AC79A7800091A97 /* BlurView.swift */ = {isa = PBXFileReference; fileEncoding = 4; lastKnownFileType = sourcecode.swift; path = BlurView.swift; sourceTree = "<group>"; };
		116181DC1AC79A7800091A97 /* DesignableButton.swift */ = {isa = PBXFileReference; fileEncoding = 4; lastKnownFileType = sourcecode.swift; path = DesignableButton.swift; sourceTree = "<group>"; };
		116181DD1AC79A7800091A97 /* DesignableImageView.swift */ = {isa = PBXFileReference; fileEncoding = 4; lastKnownFileType = sourcecode.swift; path = DesignableImageView.swift; sourceTree = "<group>"; };
		116181DE1AC79A7800091A97 /* DesignableLabel.swift */ = {isa = PBXFileReference; fileEncoding = 4; lastKnownFileType = sourcecode.swift; path = DesignableLabel.swift; sourceTree = "<group>"; };
		116181DF1AC79A7800091A97 /* DesignableTabBarController.swift */ = {isa = PBXFileReference; fileEncoding = 4; lastKnownFileType = sourcecode.swift; path = DesignableTabBarController.swift; sourceTree = "<group>"; };
		116181E01AC79A7800091A97 /* DesignableTextField.swift */ = {isa = PBXFileReference; fileEncoding = 4; lastKnownFileType = sourcecode.swift; path = DesignableTextField.swift; sourceTree = "<group>"; };
		116181E11AC79A7800091A97 /* DesignableTextView.swift */ = {isa = PBXFileReference; fileEncoding = 4; lastKnownFileType = sourcecode.swift; path = DesignableTextView.swift; sourceTree = "<group>"; };
		116181E21AC79A7800091A97 /* DesignableView.swift */ = {isa = PBXFileReference; fileEncoding = 4; lastKnownFileType = sourcecode.swift; path = DesignableView.swift; sourceTree = "<group>"; };
		116181E31AC79A7800091A97 /* ImageLoader.swift */ = {isa = PBXFileReference; fileEncoding = 4; lastKnownFileType = sourcecode.swift; path = ImageLoader.swift; sourceTree = "<group>"; };
		116181E41AC79A7800091A97 /* Info.plist */ = {isa = PBXFileReference; fileEncoding = 4; lastKnownFileType = text.plist.xml; path = Info.plist; sourceTree = "<group>"; };
		116181E51AC79A7800091A97 /* KeyboardLayoutConstraint.swift */ = {isa = PBXFileReference; fileEncoding = 4; lastKnownFileType = sourcecode.swift; path = KeyboardLayoutConstraint.swift; sourceTree = "<group>"; };
		116181E61AC79A7800091A97 /* LoadingView.swift */ = {isa = PBXFileReference; fileEncoding = 4; lastKnownFileType = sourcecode.swift; path = LoadingView.swift; sourceTree = "<group>"; };
		116181E71AC79A7800091A97 /* LoadingView.xib */ = {isa = PBXFileReference; fileEncoding = 4; lastKnownFileType = file.xib; path = LoadingView.xib; sourceTree = "<group>"; };
		116181E81AC79A7800091A97 /* Misc.swift */ = {isa = PBXFileReference; fileEncoding = 4; lastKnownFileType = sourcecode.swift; path = Misc.swift; sourceTree = "<group>"; };
		116181E91AC79A7800091A97 /* SoundPlayer.swift */ = {isa = PBXFileReference; fileEncoding = 4; lastKnownFileType = sourcecode.swift; path = SoundPlayer.swift; sourceTree = "<group>"; };
		116181EA1AC79A7800091A97 /* Spring.h */ = {isa = PBXFileReference; fileEncoding = 4; lastKnownFileType = sourcecode.c.h; path = Spring.h; sourceTree = "<group>"; };
		116181EB1AC79A7800091A97 /* Spring.swift */ = {isa = PBXFileReference; fileEncoding = 4; lastKnownFileType = sourcecode.swift; path = Spring.swift; sourceTree = "<group>"; };
		116181EC1AC79A7800091A97 /* SpringAnimation.swift */ = {isa = PBXFileReference; fileEncoding = 4; lastKnownFileType = sourcecode.swift; path = SpringAnimation.swift; sourceTree = "<group>"; };
		116181ED1AC79A7800091A97 /* SpringButton.swift */ = {isa = PBXFileReference; fileEncoding = 4; lastKnownFileType = sourcecode.swift; path = SpringButton.swift; sourceTree = "<group>"; };
		116181EE1AC79A7800091A97 /* SpringImageView.swift */ = {isa = PBXFileReference; fileEncoding = 4; lastKnownFileType = sourcecode.swift; path = SpringImageView.swift; sourceTree = "<group>"; };
		116181EF1AC79A7800091A97 /* SpringLabel.swift */ = {isa = PBXFileReference; fileEncoding = 4; lastKnownFileType = sourcecode.swift; path = SpringLabel.swift; sourceTree = "<group>"; };
		116181F01AC79A7800091A97 /* SpringTextField.swift */ = {isa = PBXFileReference; fileEncoding = 4; lastKnownFileType = sourcecode.swift; path = SpringTextField.swift; sourceTree = "<group>"; };
		116181F11AC79A7800091A97 /* SpringTextView.swift */ = {isa = PBXFileReference; fileEncoding = 4; lastKnownFileType = sourcecode.swift; path = SpringTextView.swift; sourceTree = "<group>"; };
		116181F21AC79A7800091A97 /* SpringView.swift */ = {isa = PBXFileReference; fileEncoding = 4; lastKnownFileType = sourcecode.swift; path = SpringView.swift; sourceTree = "<group>"; };
		116181F31AC79A7800091A97 /* TransitionManager.swift */ = {isa = PBXFileReference; fileEncoding = 4; lastKnownFileType = sourcecode.swift; path = TransitionManager.swift; sourceTree = "<group>"; };
		116181F41AC79A7800091A97 /* TransitionZoom.swift */ = {isa = PBXFileReference; fileEncoding = 4; lastKnownFileType = sourcecode.swift; path = TransitionZoom.swift; sourceTree = "<group>"; };
		116181F51AC79A7800091A97 /* UnwindSegue.swift */ = {isa = PBXFileReference; fileEncoding = 4; lastKnownFileType = sourcecode.swift; path = UnwindSegue.swift; sourceTree = "<group>"; };
		116182131AC7B73600091A97 /* LoginViewController.swift */ = {isa = PBXFileReference; fileEncoding = 4; lastKnownFileType = sourcecode.swift; path = LoginViewController.swift; sourceTree = "<group>"; };
		116182191AC7BB7000091A97 /* MRTBHearingScreening-Bridging-Header.h */ = {isa = PBXFileReference; lastKnownFileType = sourcecode.c.h; path = "MRTBHearingScreening-Bridging-Header.h"; sourceTree = "<group>"; };
		1161821A1AC7CBE200091A97 /* PasscodeStatus.swift */ = {isa = PBXFileReference; fileEncoding = 4; lastKnownFileType = sourcecode.swift; path = PasscodeStatus.swift; sourceTree = "<group>"; };
		1161821C1AC7D18F00091A97 /* KeyChainWrapper.swift */ = {isa = PBXFileReference; fileEncoding = 4; lastKnownFileType = sourcecode.swift; path = KeyChainWrapper.swift; sourceTree = "<group>"; };
		1161821E1AC804EA00091A97 /* TestsTableViewController.swift */ = {isa = PBXFileReference; fileEncoding = 4; lastKnownFileType = sourcecode.swift; path = TestsTableViewController.swift; sourceTree = "<group>"; };
		116182201AC8056600091A97 /* DetailTableViewController.swift */ = {isa = PBXFileReference; fileEncoding = 4; lastKnownFileType = sourcecode.swift; path = DetailTableViewController.swift; sourceTree = "<group>"; };
		116182221AC8059F00091A97 /* UtilityFunctions.swift */ = {isa = PBXFileReference; fileEncoding = 4; lastKnownFileType = sourcecode.swift; path = UtilityFunctions.swift; sourceTree = "<group>"; };
		B03C52201ACEF3C400728F14 /* TestDetailView.swift */ = {isa = PBXFileReference; fileEncoding = 4; lastKnownFileType = sourcecode.swift; path = TestDetailView.swift; sourceTree = "<group>"; };
		B03C52251ACF1C6900728F14 /* PatientDetailEditViewController.swift */ = {isa = PBXFileReference; fileEncoding = 4; lastKnownFileType = sourcecode.swift; name = PatientDetailEditViewController.swift; path = "Edit Views/PatientDetailEditViewController.swift"; sourceTree = "<group>"; };
		B0575DA91ACAF51B006165F3 /* Test.swift */ = {isa = PBXFileReference; fileEncoding = 4; lastKnownFileType = sourcecode.swift; path = Test.swift; sourceTree = "<group>"; };
		B0575DAB1ACC2E7B006165F3 /* ManagedTextField.swift */ = {isa = PBXFileReference; fileEncoding = 4; lastKnownFileType = sourcecode.swift; path = ManagedTextField.swift; sourceTree = "<group>"; };
		B0575DAD1ACC4427006165F3 /* ManagedSegmentedControl.swift */ = {isa = PBXFileReference; fileEncoding = 4; lastKnownFileType = sourcecode.swift; path = ManagedSegmentedControl.swift; sourceTree = "<group>"; };
		B0575DAF1ACDC459006165F3 /* ManagedLabel.swift */ = {isa = PBXFileReference; fileEncoding = 4; lastKnownFileType = sourcecode.swift; path = ManagedLabel.swift; sourceTree = "<group>"; };
		B0575DB11ACDD7AE006165F3 /* TestDetailEditViewController.swift */ = {isa = PBXFileReference; fileEncoding = 4; lastKnownFileType = sourcecode.swift; path = TestDetailEditViewController.swift; sourceTree = "<group>"; };
		B06DA3F21AE63E150053E8BE /* SettingsTableViewController.swift */ = {isa = PBXFileReference; fileEncoding = 4; lastKnownFileType = sourcecode.swift; path = SettingsTableViewController.swift; sourceTree = "<group>"; };
		B071FAC41AE77F64007F86FE /* SettingsDetailTableViewController.swift */ = {isa = PBXFileReference; fileEncoding = 4; lastKnownFileType = sourcecode.swift; path = SettingsDetailTableViewController.swift; sourceTree = "<group>"; };
		B075820E1AD04E5A001972B5 /* MRTBHearingScreening.plist */ = {isa = PBXFileReference; fileEncoding = 4; lastKnownFileType = text.plist.xml; path = MRTBHearingScreening.plist; sourceTree = "<group>"; };
		B07582121AD21994001972B5 /* FileManagerTableViewController.swift */ = {isa = PBXFileReference; fileEncoding = 4; lastKnownFileType = sourcecode.swift; path = FileManagerTableViewController.swift; sourceTree = "<group>"; };
		B09B05681AD5F89700E9D9DC /* SaveFileViewController.swift */ = {isa = PBXFileReference; fileEncoding = 4; lastKnownFileType = sourcecode.swift; path = SaveFileViewController.swift; sourceTree = "<group>"; };
		B0A423AF1ACF53C9001899D8 /* ConductionDetailTableViewController.swift */ = {isa = PBXFileReference; fileEncoding = 4; lastKnownFileType = sourcecode.swift; name = ConductionDetailTableViewController.swift; path = "Edit Views/ConductionDetailTableViewController.swift"; sourceTree = "<group>"; };
		B0A423B11ACFA2C7001899D8 /* ConductionDetailTableViewCell.swift */ = {isa = PBXFileReference; fileEncoding = 4; lastKnownFileType = sourcecode.swift; name = ConductionDetailTableViewCell.swift; path = "Edit Views/ConductionDetailTableViewCell.swift"; sourceTree = "<group>"; };
		B0A423B31ACFC549001899D8 /* HistoryDetailViewController.swift */ = {isa = PBXFileReference; fileEncoding = 4; lastKnownFileType = sourcecode.swift; name = HistoryDetailViewController.swift; path = "Edit Views/HistoryDetailViewController.swift"; sourceTree = "<group>"; };
		B0A423B51ACFCA6E001899D8 /* BaselineDetailViewController.swift */ = {isa = PBXFileReference; fileEncoding = 4; lastKnownFileType = sourcecode.swift; name = BaselineDetailViewController.swift; path = "Edit Views/BaselineDetailViewController.swift"; sourceTree = "<group>"; };
		B0A423B71ACFD9FA001899D8 /* MonthlyDetailViewController.swift */ = {isa = PBXFileReference; fileEncoding = 4; lastKnownFileType = sourcecode.swift; name = MonthlyDetailViewController.swift; path = "Edit Views/MonthlyDetailViewController.swift"; sourceTree = "<group>"; };
		B0A423B91ACFDA0B001899D8 /* OtoscopyDetailsViewController.swift */ = {isa = PBXFileReference; fileEncoding = 4; lastKnownFileType = sourcecode.swift; name = OtoscopyDetailsViewController.swift; path = "Edit Views/OtoscopyDetailsViewController.swift"; sourceTree = "<group>"; };
/* End PBXFileReference section */

/* Begin PBXFrameworksBuildPhase section */
		116181AC1AC7995900091A97 /* Frameworks */ = {
			isa = PBXFrameworksBuildPhase;
			buildActionMask = 2147483647;
			files = (
			);
			runOnlyForDeploymentPostprocessing = 0;
		};
/* End PBXFrameworksBuildPhase section */

/* Begin PBXGroup section */
		116181A61AC7995900091A97 = {
			isa = PBXGroup;
			children = (
				116181B11AC7995900091A97 /* MRTBHearingScreening */,
				116181B01AC7995900091A97 /* Products */,
			);
			sourceTree = "<group>";
		};
		116181B01AC7995900091A97 /* Products */ = {
			isa = PBXGroup;
			children = (
				116181AF1AC7995900091A97 /* MRTBHearingScreening.app */,
			);
			name = Products;
			sourceTree = "<group>";
		};
		116181B11AC7995900091A97 /* MRTBHearingScreening */ = {
			isa = PBXGroup;
			children = (
				B075820E1AD04E5A001972B5 /* MRTBHearingScreening.plist */,
				116181B41AC7995900091A97 /* AppDelegate.swift */,
				B0575DA91ACAF51B006165F3 /* Test.swift */,
				116182131AC7B73600091A97 /* LoginViewController.swift */,
				1161821E1AC804EA00091A97 /* TestsTableViewController.swift */,
				116182201AC8056600091A97 /* DetailTableViewController.swift */,
				B07582121AD21994001972B5 /* FileManagerTableViewController.swift */,
				B06DA3F21AE63E150053E8BE /* SettingsTableViewController.swift */,
				B071FAC41AE77F64007F86FE /* SettingsDetailTableViewController.swift */,
				B09B05681AD5F89700E9D9DC /* SaveFileViewController.swift */,
				116181BB1AC7995900091A97 /* Main.storyboard */,
				B03C52241ACF1A0500728F14 /* Edit Views */,
				B03C52201ACEF3C400728F14 /* TestDetailView.swift */,
				B0575DAF1ACDC459006165F3 /* ManagedLabel.swift */,
				B0575DAB1ACC2E7B006165F3 /* ManagedTextField.swift */,
				B0575DAD1ACC4427006165F3 /* ManagedSegmentedControl.swift */,
				1144858D1AC85B3500846557 /* DatePickerViewController.swift */,
				1144858B1AC84DE900846557 /* DetailCollectionViewController.swift */,
				116181BE1AC7995900091A97 /* Images.xcassets */,
				116181C01AC7995900091A97 /* LaunchScreen.xib */,
				116181B61AC7995900091A97 /* MRTBHearingScreening.xcdatamodeld */,
				116181D71AC79A7800091A97 /* Spring */,
				116181B21AC7995900091A97 /* Supporting Files */,
				116182221AC8059F00091A97 /* UtilityFunctions.swift */,
				1161821A1AC7CBE200091A97 /* PasscodeStatus.swift */,
				1161821C1AC7D18F00091A97 /* KeyChainWrapper.swift */,
				116182191AC7BB7000091A97 /* MRTBHearingScreening-Bridging-Header.h */,
			);
			path = MRTBHearingScreening;
			sourceTree = "<group>";
		};
		116181B21AC7995900091A97 /* Supporting Files */ = {
			isa = PBXGroup;
			children = (
				116181B31AC7995900091A97 /* Info.plist */,
			);
			name = "Supporting Files";
			sourceTree = "<group>";
		};
		116181D71AC79A7800091A97 /* Spring */ = {
			isa = PBXGroup;
			children = (
				116181D81AC79A7800091A97 /* AsyncButton.swift */,
				116181D91AC79A7800091A97 /* AsyncImageView.swift */,
				116181DA1AC79A7800091A97 /* AutoTextView.swift */,
				116181DB1AC79A7800091A97 /* BlurView.swift */,
				116181DC1AC79A7800091A97 /* DesignableButton.swift */,
				116181DD1AC79A7800091A97 /* DesignableImageView.swift */,
				116181DE1AC79A7800091A97 /* DesignableLabel.swift */,
				116181DF1AC79A7800091A97 /* DesignableTabBarController.swift */,
				116181E01AC79A7800091A97 /* DesignableTextField.swift */,
				116181E11AC79A7800091A97 /* DesignableTextView.swift */,
				116181E21AC79A7800091A97 /* DesignableView.swift */,
				116181E31AC79A7800091A97 /* ImageLoader.swift */,
				116181E41AC79A7800091A97 /* Info.plist */,
				116181E51AC79A7800091A97 /* KeyboardLayoutConstraint.swift */,
				116181E61AC79A7800091A97 /* LoadingView.swift */,
				116181E71AC79A7800091A97 /* LoadingView.xib */,
				116181E81AC79A7800091A97 /* Misc.swift */,
				116181E91AC79A7800091A97 /* SoundPlayer.swift */,
				116181EA1AC79A7800091A97 /* Spring.h */,
				116181EB1AC79A7800091A97 /* Spring.swift */,
				116181EC1AC79A7800091A97 /* SpringAnimation.swift */,
				116181ED1AC79A7800091A97 /* SpringButton.swift */,
				116181EE1AC79A7800091A97 /* SpringImageView.swift */,
				116181EF1AC79A7800091A97 /* SpringLabel.swift */,
				116181F01AC79A7800091A97 /* SpringTextField.swift */,
				116181F11AC79A7800091A97 /* SpringTextView.swift */,
				116181F21AC79A7800091A97 /* SpringView.swift */,
				116181F31AC79A7800091A97 /* TransitionManager.swift */,
				116181F41AC79A7800091A97 /* TransitionZoom.swift */,
				116181F51AC79A7800091A97 /* UnwindSegue.swift */,
			);
			path = Spring;
			sourceTree = "<group>";
		};
		B03C52241ACF1A0500728F14 /* Edit Views */ = {
			isa = PBXGroup;
			children = (
				B0575DB11ACDD7AE006165F3 /* TestDetailEditViewController.swift */,
				B03C52251ACF1C6900728F14 /* PatientDetailEditViewController.swift */,
				B0A423B31ACFC549001899D8 /* HistoryDetailViewController.swift */,
				B0A423B71ACFD9FA001899D8 /* MonthlyDetailViewController.swift */,
				B0A423B91ACFDA0B001899D8 /* OtoscopyDetailsViewController.swift */,
				B0A423B51ACFCA6E001899D8 /* BaselineDetailViewController.swift */,
				B0A423AF1ACF53C9001899D8 /* ConductionDetailTableViewController.swift */,
				B0A423B11ACFA2C7001899D8 /* ConductionDetailTableViewCell.swift */,
			);
			name = "Edit Views";
			sourceTree = "<group>";
		};
/* End PBXGroup section */

/* Begin PBXNativeTarget section */
		116181AE1AC7995900091A97 /* MRTBHearingScreening */ = {
			isa = PBXNativeTarget;
			buildConfigurationList = 116181D11AC7995900091A97 /* Build configuration list for PBXNativeTarget "MRTBHearingScreening" */;
			buildPhases = (
				116181AB1AC7995900091A97 /* Sources */,
				116181AC1AC7995900091A97 /* Frameworks */,
				116181AD1AC7995900091A97 /* Resources */,
			);
			buildRules = (
			);
			dependencies = (
			);
			name = MRTBHearingScreening;
			productName = MRTBHearingScreening;
			productReference = 116181AF1AC7995900091A97 /* MRTBHearingScreening.app */;
			productType = "com.apple.product-type.application";
		};
/* End PBXNativeTarget section */

/* Begin PBXProject section */
		116181A71AC7995900091A97 /* Project object */ = {
			isa = PBXProject;
			attributes = {
				LastUpgradeCheck = 0620;
				ORGANIZATIONNAME = "Miguel Clark";
				TargetAttributes = {
					116181AE1AC7995900091A97 = {
						CreatedOnToolsVersion = 6.2;
						DevelopmentTeam = SNG8EJWACP;
						SystemCapabilities = {
							com.apple.DataProtection = {
								enabled = 1;
							};
						};
					};
				};
			};
			buildConfigurationList = 116181AA1AC7995900091A97 /* Build configuration list for PBXProject "MRTBHearingScreening" */;
			compatibilityVersion = "Xcode 3.2";
			developmentRegion = English;
			hasScannedForEncodings = 0;
			knownRegions = (
				en,
				Base,
			);
			mainGroup = 116181A61AC7995900091A97;
			productRefGroup = 116181B01AC7995900091A97 /* Products */;
			projectDirPath = "";
			projectRoot = "";
			targets = (
				116181AE1AC7995900091A97 /* MRTBHearingScreening */,
			);
		};
/* End PBXProject section */

/* Begin PBXResourcesBuildPhase section */
		116181AD1AC7995900091A97 /* Resources */ = {
			isa = PBXResourcesBuildPhase;
			buildActionMask = 2147483647;
			files = (
				116182021AC79A7800091A97 /* Info.plist in Resources */,
				B075820F1AD04E5A001972B5 /* MRTBHearingScreening.plist in Resources */,
				116181BD1AC7995900091A97 /* Main.storyboard in Resources */,
				116181C21AC7995900091A97 /* LaunchScreen.xib in Resources */,
				116181BF1AC7995900091A97 /* Images.xcassets in Resources */,
				116182051AC79A7800091A97 /* LoadingView.xib in Resources */,
			);
			runOnlyForDeploymentPostprocessing = 0;
		};
/* End PBXResourcesBuildPhase section */

/* Begin PBXSourcesBuildPhase section */
		116181AB1AC7995900091A97 /* Sources */ = {
			isa = PBXSourcesBuildPhase;
			buildActionMask = 2147483647;
			files = (
				116181FC1AC79A7800091A97 /* DesignableLabel.swift in Sources */,
				1161820B1AC79A7800091A97 /* SpringImageView.swift in Sources */,
				116181F81AC79A7800091A97 /* AutoTextView.swift in Sources */,
				B0575DAC1ACC2E7B006165F3 /* ManagedTextField.swift in Sources */,
				116182011AC79A7800091A97 /* ImageLoader.swift in Sources */,
				116182061AC79A7800091A97 /* Misc.swift in Sources */,
				1161821B1AC7CBE200091A97 /* PasscodeStatus.swift in Sources */,
				116181F91AC79A7800091A97 /* BlurView.swift in Sources */,
				116182121AC79A7800091A97 /* UnwindSegue.swift in Sources */,
				B0575DB21ACDD7AE006165F3 /* TestDetailEditViewController.swift in Sources */,
				116182041AC79A7800091A97 /* LoadingView.swift in Sources */,
				1161820D1AC79A7800091A97 /* SpringTextField.swift in Sources */,
				B0A423BA1ACFDA0B001899D8 /* OtoscopyDetailsViewController.swift in Sources */,
				B0575DB01ACDC459006165F3 /* ManagedLabel.swift in Sources */,
				B03C52261ACF1C6900728F14 /* PatientDetailEditViewController.swift in Sources */,
				116182081AC79A7800091A97 /* Spring.swift in Sources */,
				B0A423B21ACFA2C7001899D8 /* ConductionDetailTableViewCell.swift in Sources */,
				116182071AC79A7800091A97 /* SoundPlayer.swift in Sources */,
				116182211AC8056600091A97 /* DetailTableViewController.swift in Sources */,
				B07582131AD21994001972B5 /* FileManagerTableViewController.swift in Sources */,
				1161821D1AC7D18F00091A97 /* KeyChainWrapper.swift in Sources */,
				116182001AC79A7800091A97 /* DesignableView.swift in Sources */,
				1161821F1AC804EA00091A97 /* TestsTableViewController.swift in Sources */,
				B0A423B01ACF53C9001899D8 /* ConductionDetailTableViewController.swift in Sources */,
				116181FD1AC79A7800091A97 /* DesignableTabBarController.swift in Sources */,
				116181FA1AC79A7800091A97 /* DesignableButton.swift in Sources */,
				B03C52211ACEF3C400728F14 /* TestDetailView.swift in Sources */,
				116181B81AC7995900091A97 /* MRTBHearingScreening.xcdatamodeld in Sources */,
				116182111AC79A7800091A97 /* TransitionZoom.swift in Sources */,
				B09B05691AD5F89700E9D9DC /* SaveFileViewController.swift in Sources */,
				116181FE1AC79A7800091A97 /* DesignableTextField.swift in Sources */,
				116182101AC79A7800091A97 /* TransitionManager.swift in Sources */,
				116182141AC7B73600091A97 /* LoginViewController.swift in Sources */,
				1144858E1AC85B3500846557 /* DatePickerViewController.swift in Sources */,
				1161820C1AC79A7800091A97 /* SpringLabel.swift in Sources */,
				B0A423B41ACFC549001899D8 /* HistoryDetailViewController.swift in Sources */,
				116181F61AC79A7800091A97 /* AsyncButton.swift in Sources */,
				116181F71AC79A7800091A97 /* AsyncImageView.swift in Sources */,
				B06DA3F31AE63E150053E8BE /* SettingsTableViewController.swift in Sources */,
				116181FF1AC79A7800091A97 /* DesignableTextView.swift in Sources */,
				1161820F1AC79A7800091A97 /* SpringView.swift in Sources */,
				1161820E1AC79A7800091A97 /* SpringTextView.swift in Sources */,
				116182031AC79A7800091A97 /* KeyboardLayoutConstraint.swift in Sources */,
				1161820A1AC79A7800091A97 /* SpringButton.swift in Sources */,
				B0A423B81ACFD9FA001899D8 /* MonthlyDetailViewController.swift in Sources */,
				B071FAC51AE77F64007F86FE /* SettingsDetailTableViewController.swift in Sources */,
				116182091AC79A7800091A97 /* SpringAnimation.swift in Sources */,
				B0A423B61ACFCA6E001899D8 /* BaselineDetailViewController.swift in Sources */,
				116181FB1AC79A7800091A97 /* DesignableImageView.swift in Sources */,
				1144858C1AC84DE900846557 /* DetailCollectionViewController.swift in Sources */,
				B0575DAA1ACAF51B006165F3 /* Test.swift in Sources */,
				116182231AC8059F00091A97 /* UtilityFunctions.swift in Sources */,
				B0575DAE1ACC4427006165F3 /* ManagedSegmentedControl.swift in Sources */,
				116181B51AC7995900091A97 /* AppDelegate.swift in Sources */,
			);
			runOnlyForDeploymentPostprocessing = 0;
		};
/* End PBXSourcesBuildPhase section */

/* Begin PBXVariantGroup section */
		116181BB1AC7995900091A97 /* Main.storyboard */ = {
			isa = PBXVariantGroup;
			children = (
				116181BC1AC7995900091A97 /* Base */,
			);
			name = Main.storyboard;
			sourceTree = "<group>";
		};
		116181C01AC7995900091A97 /* LaunchScreen.xib */ = {
			isa = PBXVariantGroup;
			children = (
				116181C11AC7995900091A97 /* Base */,
			);
			name = LaunchScreen.xib;
			sourceTree = "<group>";
		};
/* End PBXVariantGroup section */

/* Begin XCBuildConfiguration section */
		116181CF1AC7995900091A97 /* Debug */ = {
			isa = XCBuildConfiguration;
			buildSettings = {
				ALWAYS_SEARCH_USER_PATHS = NO;
				CLANG_CXX_LANGUAGE_STANDARD = "gnu++0x";
				CLANG_CXX_LIBRARY = "libc++";
				CLANG_ENABLE_MODULES = YES;
				CLANG_ENABLE_OBJC_ARC = YES;
				CLANG_WARN_BOOL_CONVERSION = YES;
				CLANG_WARN_CONSTANT_CONVERSION = YES;
				CLANG_WARN_DIRECT_OBJC_ISA_USAGE = YES_ERROR;
				CLANG_WARN_EMPTY_BODY = YES;
				CLANG_WARN_ENUM_CONVERSION = YES;
				CLANG_WARN_INT_CONVERSION = YES;
				CLANG_WARN_OBJC_ROOT_CLASS = YES_ERROR;
				CLANG_WARN_UNREACHABLE_CODE = YES;
				CLANG_WARN__DUPLICATE_METHOD_MATCH = YES;
				"CODE_SIGN_IDENTITY[sdk=iphoneos*]" = "iPhone Developer";
				COPY_PHASE_STRIP = NO;
				ENABLE_STRICT_OBJC_MSGSEND = YES;
				GCC_C_LANGUAGE_STANDARD = gnu99;
				GCC_DYNAMIC_NO_PIC = NO;
				GCC_OPTIMIZATION_LEVEL = 0;
				GCC_PREPROCESSOR_DEFINITIONS = (
					"DEBUG=1",
					"$(inherited)",
				);
				GCC_SYMBOLS_PRIVATE_EXTERN = NO;
				GCC_WARN_64_TO_32_BIT_CONVERSION = YES;
				GCC_WARN_ABOUT_RETURN_TYPE = YES_ERROR;
				GCC_WARN_UNDECLARED_SELECTOR = YES;
				GCC_WARN_UNINITIALIZED_AUTOS = YES_AGGRESSIVE;
				GCC_WARN_UNUSED_FUNCTION = YES;
				GCC_WARN_UNUSED_VARIABLE = YES;
				IPHONEOS_DEPLOYMENT_TARGET = 7.1;
				MTL_ENABLE_DEBUG_INFO = YES;
				ONLY_ACTIVE_ARCH = YES;
				SDKROOT = iphoneos;
				SWIFT_OPTIMIZATION_LEVEL = "-Onone";
				TARGETED_DEVICE_FAMILY = "1,2";
			};
			name = Debug;
		};
		116181D01AC7995900091A97 /* Release */ = {
			isa = XCBuildConfiguration;
			buildSettings = {
				ALWAYS_SEARCH_USER_PATHS = NO;
				CLANG_CXX_LANGUAGE_STANDARD = "gnu++0x";
				CLANG_CXX_LIBRARY = "libc++";
				CLANG_ENABLE_MODULES = YES;
				CLANG_ENABLE_OBJC_ARC = YES;
				CLANG_WARN_BOOL_CONVERSION = YES;
				CLANG_WARN_CONSTANT_CONVERSION = YES;
				CLANG_WARN_DIRECT_OBJC_ISA_USAGE = YES_ERROR;
				CLANG_WARN_EMPTY_BODY = YES;
				CLANG_WARN_ENUM_CONVERSION = YES;
				CLANG_WARN_INT_CONVERSION = YES;
				CLANG_WARN_OBJC_ROOT_CLASS = YES_ERROR;
				CLANG_WARN_UNREACHABLE_CODE = YES;
				CLANG_WARN__DUPLICATE_METHOD_MATCH = YES;
				"CODE_SIGN_IDENTITY[sdk=iphoneos*]" = "iPhone Developer";
				COPY_PHASE_STRIP = NO;
				ENABLE_NS_ASSERTIONS = NO;
				ENABLE_STRICT_OBJC_MSGSEND = YES;
				GCC_C_LANGUAGE_STANDARD = gnu99;
				GCC_WARN_64_TO_32_BIT_CONVERSION = YES;
				GCC_WARN_ABOUT_RETURN_TYPE = YES_ERROR;
				GCC_WARN_UNDECLARED_SELECTOR = YES;
				GCC_WARN_UNINITIALIZED_AUTOS = YES_AGGRESSIVE;
				GCC_WARN_UNUSED_FUNCTION = YES;
				GCC_WARN_UNUSED_VARIABLE = YES;
				IPHONEOS_DEPLOYMENT_TARGET = 7.1;
				MTL_ENABLE_DEBUG_INFO = NO;
				SDKROOT = iphoneos;
				TARGETED_DEVICE_FAMILY = "1,2";
				VALIDATE_PRODUCT = YES;
			};
			name = Release;
		};
		116181D21AC7995900091A97 /* Debug */ = {
			isa = XCBuildConfiguration;
			buildSettings = {
				ASSETCATALOG_COMPILER_APPICON_NAME = AppIcon;
				ASSETCATALOG_COMPILER_LAUNCHIMAGE_NAME = LaunchImage;
				CODE_SIGN_IDENTITY = "iPhone Developer";
				"CODE_SIGN_IDENTITY[sdk=iphoneos*]" = "iPhone Developer";
				INFOPLIST_FILE = MRTBHearingScreening/Info.plist;
				IPHONEOS_DEPLOYMENT_TARGET = 8.3;
				LD_RUNPATH_SEARCH_PATHS = "$(inherited) @executable_path/Frameworks";
				PRODUCT_NAME = "$(TARGET_NAME)";
				PROVISIONING_PROFILE = "";
				SWIFT_OBJC_BRIDGING_HEADER = "MRTBHearingScreening/MRTBHearingScreening-Bridging-Header.h";
			};
			name = Debug;
		};
		116181D31AC7995900091A97 /* Release */ = {
			isa = XCBuildConfiguration;
			buildSettings = {
				ASSETCATALOG_COMPILER_APPICON_NAME = AppIcon;
				ASSETCATALOG_COMPILER_LAUNCHIMAGE_NAME = LaunchImage;
				CODE_SIGN_IDENTITY = "iPhone Developer";
				"CODE_SIGN_IDENTITY[sdk=iphoneos*]" = "iPhone Developer";
				INFOPLIST_FILE = MRTBHearingScreening/Info.plist;
				IPHONEOS_DEPLOYMENT_TARGET = 8.3;
				LD_RUNPATH_SEARCH_PATHS = "$(inherited) @executable_path/Frameworks";
				PRODUCT_NAME = "$(TARGET_NAME)";
				PROVISIONING_PROFILE = "";
				SWIFT_OBJC_BRIDGING_HEADER = "MRTBHearingScreening/MRTBHearingScreening-Bridging-Header.h";
			};
			name = Release;
		};
/* End XCBuildConfiguration section */

/* Begin XCConfigurationList section */
		116181AA1AC7995900091A97 /* Build configuration list for PBXProject "MRTBHearingScreening" */ = {
			isa = XCConfigurationList;
			buildConfigurations = (
				116181CF1AC7995900091A97 /* Debug */,
				116181D01AC7995900091A97 /* Release */,
			);
			defaultConfigurationIsVisible = 0;
			defaultConfigurationName = Release;
		};
		116181D11AC7995900091A97 /* Build configuration list for PBXNativeTarget "MRTBHearingScreening" */ = {
			isa = XCConfigurationList;
			buildConfigurations = (
				116181D21AC7995900091A97 /* Debug */,
				116181D31AC7995900091A97 /* Release */,
			);
			defaultConfigurationIsVisible = 0;
			defaultConfigurationName = Release;
		};
/* End XCConfigurationList section */

/* Begin XCVersionGroup section */
		116181B61AC7995900091A97 /* MRTBHearingScreening.xcdatamodeld */ = {
			isa = XCVersionGroup;
			children = (
				116181B71AC7995900091A97 /* MRTBHearingScreening.xcdatamodel */,
			);
			currentVersion = 116181B71AC7995900091A97 /* MRTBHearingScreening.xcdatamodel */;
			path = MRTBHearingScreening.xcdatamodeld;
			sourceTree = "<group>";
			versionGroupType = wrapper.xcdatamodel;
		};
/* End XCVersionGroup section */
	};
	rootObject = 116181A71AC7995900091A97 /* Project object */;
}
