// !$*UTF8*$!
{
	archiveVersion = 1;
	classes = {
	};
	objectVersion = 46;
	objects = {

/* Begin PBXBuildFile section */
		1144858C1AC84DE900846557 /* DetailCollectionViewController.swift in Sources */ = {isa = PBXBuildFile; fileRef = 1144858B1AC84DE900846557 /* DetailCollectionViewController.swift */; };
		1144858E1AC85B3500846557 /* DatePickerViewController.swift in Sources */ = {isa = PBXBuildFile; fileRef = 1144858D1AC85B3500846557 /* DatePickerViewController.swift */; };
		116181B51AC7995900091A97 /* AppDelegate.swift in Sources */ = {isa = PBXBuildFile; fileRef = 116181B41AC7995900091A97 /* AppDelegate.swift */; };
		116181B81AC7995900091A97 /* MDRTBHearingScreening.xcdatamodeld in Sources */ = {isa = PBXBuildFile; fileRef = 116181B61AC7995900091A97 /* MDRTBHearingScreening.xcdatamodeld */; };
		116181BD1AC7995900091A97 /* Main.storyboard in Resources */ = {isa = PBXBuildFile; fileRef = 116181BB1AC7995900091A97 /* Main.storyboard */; };
		116181BF1AC7995900091A97 /* Images.xcassets in Resources */ = {isa = PBXBuildFile; fileRef = 116181BE1AC7995900091A97 /* Images.xcassets */; };
		116181C21AC7995900091A97 /* LaunchScreen.xib in Resources */ = {isa = PBXBuildFile; fileRef = 116181C01AC7995900091A97 /* LaunchScreen.xib */; };
		1161821F1AC804EA00091A97 /* TestsTableViewController.swift in Sources */ = {isa = PBXBuildFile; fileRef = 1161821E1AC804EA00091A97 /* TestsTableViewController.swift */; };
		116182211AC8056600091A97 /* DetailTableViewController.swift in Sources */ = {isa = PBXBuildFile; fileRef = 116182201AC8056600091A97 /* DetailTableViewController.swift */; };
		116182231AC8059F00091A97 /* UtilityFunctions.swift in Sources */ = {isa = PBXBuildFile; fileRef = 116182221AC8059F00091A97 /* UtilityFunctions.swift */; };
		B03C52211ACEF3C400728F14 /* TestDetailView.swift in Sources */ = {isa = PBXBuildFile; fileRef = B03C52201ACEF3C400728F14 /* TestDetailView.swift */; };
		B03C52261ACF1C6900728F14 /* PatientDetailEditViewController.swift in Sources */ = {isa = PBXBuildFile; fileRef = B03C52251ACF1C6900728F14 /* PatientDetailEditViewController.swift */; };
		B0575DAA1ACAF51B006165F3 /* Test.swift in Sources */ = {isa = PBXBuildFile; fileRef = B0575DA91ACAF51B006165F3 /* Test.swift */; };
		B0575DAC1ACC2E7B006165F3 /* ManagedTextField.swift in Sources */ = {isa = PBXBuildFile; fileRef = B0575DAB1ACC2E7B006165F3 /* ManagedTextField.swift */; };
		B0575DAE1ACC4427006165F3 /* ManagedSegmentedControl.swift in Sources */ = {isa = PBXBuildFile; fileRef = B0575DAD1ACC4427006165F3 /* ManagedSegmentedControl.swift */; };
		B0575DB01ACDC459006165F3 /* ManagedLabel.swift in Sources */ = {isa = PBXBuildFile; fileRef = B0575DAF1ACDC459006165F3 /* ManagedLabel.swift */; };
		B0575DB21ACDD7AE006165F3 /* TestDetailEditViewController.swift in Sources */ = {isa = PBXBuildFile; fileRef = B0575DB11ACDD7AE006165F3 /* TestDetailEditViewController.swift */; };
		B06DA3F31AE63E150053E8BE /* SettingsTableViewController.swift in Sources */ = {isa = PBXBuildFile; fileRef = B06DA3F21AE63E150053E8BE /* SettingsTableViewController.swift */; };
		B071FAC51AE77F64007F86FE /* SettingsDetailTableViewController.swift in Sources */ = {isa = PBXBuildFile; fileRef = B071FAC41AE77F64007F86FE /* SettingsDetailTableViewController.swift */; };
		B075820F1AD04E5A001972B5 /* MDRTBHearingScreening.plist in Resources */ = {isa = PBXBuildFile; fileRef = B075820E1AD04E5A001972B5 /* MDRTBHearingScreening.plist */; };
		B07582131AD21994001972B5 /* FileManagerTableViewController.swift in Sources */ = {isa = PBXBuildFile; fileRef = B07582121AD21994001972B5 /* FileManagerTableViewController.swift */; };
		B09394B81AFD08DC00AE9B5C /* AudiometerResultsViewController.swift in Sources */ = {isa = PBXBuildFile; fileRef = B09394B71AFD08DC00AE9B5C /* AudiometerResultsViewController.swift */; };
		B09B05691AD5F89700E9D9DC /* SaveFileViewController.swift in Sources */ = {isa = PBXBuildFile; fileRef = B09B05681AD5F89700E9D9DC /* SaveFileViewController.swift */; };
		B0A1A7CD1C28D91400361172 /* AsyncButton.swift in Sources */ = {isa = PBXBuildFile; fileRef = B0A1A7AF1C28D91400361172 /* AsyncButton.swift */; };
		B0A1A7CE1C28D91400361172 /* AsyncImageView.swift in Sources */ = {isa = PBXBuildFile; fileRef = B0A1A7B01C28D91400361172 /* AsyncImageView.swift */; };
		B0A1A7CF1C28D91400361172 /* AutoTextView.swift in Sources */ = {isa = PBXBuildFile; fileRef = B0A1A7B11C28D91400361172 /* AutoTextView.swift */; };
		B0A1A7D01C28D91400361172 /* BlurView.swift in Sources */ = {isa = PBXBuildFile; fileRef = B0A1A7B21C28D91400361172 /* BlurView.swift */; };
		B0A1A7D11C28D91400361172 /* DesignableButton.swift in Sources */ = {isa = PBXBuildFile; fileRef = B0A1A7B31C28D91400361172 /* DesignableButton.swift */; };
		B0A1A7D21C28D91400361172 /* DesignableImageView.swift in Sources */ = {isa = PBXBuildFile; fileRef = B0A1A7B41C28D91400361172 /* DesignableImageView.swift */; };
		B0A1A7D31C28D91400361172 /* DesignableLabel.swift in Sources */ = {isa = PBXBuildFile; fileRef = B0A1A7B51C28D91400361172 /* DesignableLabel.swift */; };
		B0A1A7D41C28D91400361172 /* DesignableTabBarController.swift in Sources */ = {isa = PBXBuildFile; fileRef = B0A1A7B61C28D91400361172 /* DesignableTabBarController.swift */; };
		B0A1A7D51C28D91400361172 /* DesignableTextField.swift in Sources */ = {isa = PBXBuildFile; fileRef = B0A1A7B71C28D91400361172 /* DesignableTextField.swift */; };
		B0A1A7D61C28D91400361172 /* DesignableTextView.swift in Sources */ = {isa = PBXBuildFile; fileRef = B0A1A7B81C28D91400361172 /* DesignableTextView.swift */; };
		B0A1A7D71C28D91400361172 /* DesignableView.swift in Sources */ = {isa = PBXBuildFile; fileRef = B0A1A7B91C28D91400361172 /* DesignableView.swift */; };
		B0A1A7D81C28D91400361172 /* ImageLoader.swift in Sources */ = {isa = PBXBuildFile; fileRef = B0A1A7BA1C28D91400361172 /* ImageLoader.swift */; };
		B0A1A7D91C28D91400361172 /* Info.plist in Resources */ = {isa = PBXBuildFile; fileRef = B0A1A7BB1C28D91400361172 /* Info.plist */; };
		B0A1A7DA1C28D91400361172 /* KeyboardLayoutConstraint.swift in Sources */ = {isa = PBXBuildFile; fileRef = B0A1A7BC1C28D91400361172 /* KeyboardLayoutConstraint.swift */; };
		B0A1A7DB1C28D91400361172 /* LoadingView.swift in Sources */ = {isa = PBXBuildFile; fileRef = B0A1A7BD1C28D91400361172 /* LoadingView.swift */; };
		B0A1A7DC1C28D91400361172 /* LoadingView.xib in Resources */ = {isa = PBXBuildFile; fileRef = B0A1A7BE1C28D91400361172 /* LoadingView.xib */; };
		B0A1A7DD1C28D91400361172 /* Misc.swift in Sources */ = {isa = PBXBuildFile; fileRef = B0A1A7BF1C28D91400361172 /* Misc.swift */; };
		B0A1A7DE1C28D91400361172 /* SoundPlayer.swift in Sources */ = {isa = PBXBuildFile; fileRef = B0A1A7C01C28D91400361172 /* SoundPlayer.swift */; };
		B0A1A7DF1C28D91400361172 /* Spring.swift in Sources */ = {isa = PBXBuildFile; fileRef = B0A1A7C21C28D91400361172 /* Spring.swift */; };
		B0A1A7E01C28D91400361172 /* SpringAnimation.swift in Sources */ = {isa = PBXBuildFile; fileRef = B0A1A7C31C28D91400361172 /* SpringAnimation.swift */; };
		B0A1A7E11C28D91400361172 /* SpringButton.swift in Sources */ = {isa = PBXBuildFile; fileRef = B0A1A7C41C28D91400361172 /* SpringButton.swift */; };
		B0A1A7E21C28D91400361172 /* SpringImageView.swift in Sources */ = {isa = PBXBuildFile; fileRef = B0A1A7C51C28D91400361172 /* SpringImageView.swift */; };
		B0A1A7E31C28D91400361172 /* SpringLabel.swift in Sources */ = {isa = PBXBuildFile; fileRef = B0A1A7C61C28D91400361172 /* SpringLabel.swift */; };
		B0A1A7E41C28D91400361172 /* SpringTextField.swift in Sources */ = {isa = PBXBuildFile; fileRef = B0A1A7C71C28D91400361172 /* SpringTextField.swift */; };
		B0A1A7E51C28D91400361172 /* SpringTextView.swift in Sources */ = {isa = PBXBuildFile; fileRef = B0A1A7C81C28D91400361172 /* SpringTextView.swift */; };
		B0A1A7E61C28D91400361172 /* SpringView.swift in Sources */ = {isa = PBXBuildFile; fileRef = B0A1A7C91C28D91400361172 /* SpringView.swift */; };
		B0A1A7E71C28D91400361172 /* TransitionManager.swift in Sources */ = {isa = PBXBuildFile; fileRef = B0A1A7CA1C28D91400361172 /* TransitionManager.swift */; };
		B0A1A7E81C28D91400361172 /* TransitionZoom.swift in Sources */ = {isa = PBXBuildFile; fileRef = B0A1A7CB1C28D91400361172 /* TransitionZoom.swift */; };
		B0A1A7E91C28D91400361172 /* UnwindSegue.swift in Sources */ = {isa = PBXBuildFile; fileRef = B0A1A7CC1C28D91400361172 /* UnwindSegue.swift */; };
		B0A423B01ACF53C9001899D8 /* ConductionDetailTableViewController.swift in Sources */ = {isa = PBXBuildFile; fileRef = B0A423AF1ACF53C9001899D8 /* ConductionDetailTableViewController.swift */; };
		B0A423B21ACFA2C7001899D8 /* ConductionDetailTableViewCell.swift in Sources */ = {isa = PBXBuildFile; fileRef = B0A423B11ACFA2C7001899D8 /* ConductionDetailTableViewCell.swift */; };
		B0A423B41ACFC549001899D8 /* HistoryDetailViewController.swift in Sources */ = {isa = PBXBuildFile; fileRef = B0A423B31ACFC549001899D8 /* HistoryDetailViewController.swift */; };
		B0A423B61ACFCA6E001899D8 /* BaselineDetailViewController.swift in Sources */ = {isa = PBXBuildFile; fileRef = B0A423B51ACFCA6E001899D8 /* BaselineDetailViewController.swift */; };
		B0A423B81ACFD9FA001899D8 /* MonthlyDetailViewController.swift in Sources */ = {isa = PBXBuildFile; fileRef = B0A423B71ACFD9FA001899D8 /* MonthlyDetailViewController.swift */; };
		B0A423BA1ACFDA0B001899D8 /* OtoscopyDetailsViewController.swift in Sources */ = {isa = PBXBuildFile; fileRef = B0A423B91ACFDA0B001899D8 /* OtoscopyDetailsViewController.swift */; };
		B0A90DD71AFF44EE00C5CB69 /* ImportExportViewController.swift in Sources */ = {isa = PBXBuildFile; fileRef = B0A90DD61AFF44EE00C5CB69 /* ImportExportViewController.swift */; };
		B0B8DFF41AF8E6C50054DEBC /* OutcomesViewController.swift in Sources */ = {isa = PBXBuildFile; fileRef = B0B8DFF31AF8E6C50054DEBC /* OutcomesViewController.swift */; };
		EE7B93221C4043520008F858 /* CSwiftV.swift in Sources */ = {isa = PBXBuildFile; fileRef = EE7B93211C4043520008F858 /* CSwiftV.swift */; };
/* End PBXBuildFile section */

/* Begin PBXFileReference section */
		1144858B1AC84DE900846557 /* DetailCollectionViewController.swift */ = {isa = PBXFileReference; fileEncoding = 4; lastKnownFileType = sourcecode.swift; path = DetailCollectionViewController.swift; sourceTree = "<group>"; };
		1144858D1AC85B3500846557 /* DatePickerViewController.swift */ = {isa = PBXFileReference; fileEncoding = 4; lastKnownFileType = sourcecode.swift; path = DatePickerViewController.swift; sourceTree = "<group>"; };
		116181AF1AC7995900091A97 /* MDRTBHearingScreening.app */ = {isa = PBXFileReference; explicitFileType = wrapper.application; includeInIndex = 0; path = MDRTBHearingScreening.app; sourceTree = BUILT_PRODUCTS_DIR; };
		116181B31AC7995900091A97 /* Info.plist */ = {isa = PBXFileReference; lastKnownFileType = text.plist.xml; path = Info.plist; sourceTree = "<group>"; };
		116181B41AC7995900091A97 /* AppDelegate.swift */ = {isa = PBXFileReference; lastKnownFileType = sourcecode.swift; path = AppDelegate.swift; sourceTree = "<group>"; };
		116181B71AC7995900091A97 /* MDRTBHearingScreening.xcdatamodel */ = {isa = PBXFileReference; lastKnownFileType = wrapper.xcdatamodel; path = MDRTBHearingScreening.xcdatamodel; sourceTree = "<group>"; };
		116181BC1AC7995900091A97 /* Base */ = {isa = PBXFileReference; lastKnownFileType = file.storyboard; name = Base; path = Base.lproj/Main.storyboard; sourceTree = "<group>"; };
		116181BE1AC7995900091A97 /* Images.xcassets */ = {isa = PBXFileReference; lastKnownFileType = folder.assetcatalog; path = Images.xcassets; sourceTree = "<group>"; };
		116181C11AC7995900091A97 /* Base */ = {isa = PBXFileReference; lastKnownFileType = file.xib; name = Base; path = Base.lproj/LaunchScreen.xib; sourceTree = "<group>"; };
		116182191AC7BB7000091A97 /* MDRTBHearingScreening-Bridging-Header.h */ = {isa = PBXFileReference; lastKnownFileType = sourcecode.c.h; path = "MDRTBHearingScreening-Bridging-Header.h"; sourceTree = "<group>"; };
		1161821E1AC804EA00091A97 /* TestsTableViewController.swift */ = {isa = PBXFileReference; fileEncoding = 4; lastKnownFileType = sourcecode.swift; path = TestsTableViewController.swift; sourceTree = "<group>"; };
		116182201AC8056600091A97 /* DetailTableViewController.swift */ = {isa = PBXFileReference; fileEncoding = 4; lastKnownFileType = sourcecode.swift; path = DetailTableViewController.swift; sourceTree = "<group>"; };
		116182221AC8059F00091A97 /* UtilityFunctions.swift */ = {isa = PBXFileReference; fileEncoding = 4; lastKnownFileType = sourcecode.swift; path = UtilityFunctions.swift; sourceTree = "<group>"; };
		B03C52201ACEF3C400728F14 /* TestDetailView.swift */ = {isa = PBXFileReference; fileEncoding = 4; lastKnownFileType = sourcecode.swift; path = TestDetailView.swift; sourceTree = "<group>"; };
		B03C52251ACF1C6900728F14 /* PatientDetailEditViewController.swift */ = {isa = PBXFileReference; fileEncoding = 4; lastKnownFileType = sourcecode.swift; name = PatientDetailEditViewController.swift; path = "Edit Views/PatientDetailEditViewController.swift"; sourceTree = "<group>"; };
		B0575DA91ACAF51B006165F3 /* Test.swift */ = {isa = PBXFileReference; fileEncoding = 4; lastKnownFileType = sourcecode.swift; path = Test.swift; sourceTree = "<group>"; };
		B0575DAB1ACC2E7B006165F3 /* ManagedTextField.swift */ = {isa = PBXFileReference; fileEncoding = 4; lastKnownFileType = sourcecode.swift; path = ManagedTextField.swift; sourceTree = "<group>"; };
		B0575DAD1ACC4427006165F3 /* ManagedSegmentedControl.swift */ = {isa = PBXFileReference; fileEncoding = 4; lastKnownFileType = sourcecode.swift; path = ManagedSegmentedControl.swift; sourceTree = "<group>"; };
		B0575DAF1ACDC459006165F3 /* ManagedLabel.swift */ = {isa = PBXFileReference; fileEncoding = 4; lastKnownFileType = sourcecode.swift; path = ManagedLabel.swift; sourceTree = "<group>"; };
		B0575DB11ACDD7AE006165F3 /* TestDetailEditViewController.swift */ = {isa = PBXFileReference; fileEncoding = 4; lastKnownFileType = sourcecode.swift; path = TestDetailEditViewController.swift; sourceTree = "<group>"; };
		B06DA3F21AE63E150053E8BE /* SettingsTableViewController.swift */ = {isa = PBXFileReference; fileEncoding = 4; lastKnownFileType = sourcecode.swift; path = SettingsTableViewController.swift; sourceTree = "<group>"; };
		B071FAC41AE77F64007F86FE /* SettingsDetailTableViewController.swift */ = {isa = PBXFileReference; fileEncoding = 4; lastKnownFileType = sourcecode.swift; path = SettingsDetailTableViewController.swift; sourceTree = "<group>"; };
		B075820E1AD04E5A001972B5 /* MDRTBHearingScreening.plist */ = {isa = PBXFileReference; fileEncoding = 4; lastKnownFileType = text.plist.xml; path = MDRTBHearingScreening.plist; sourceTree = "<group>"; };
		B07582121AD21994001972B5 /* FileManagerTableViewController.swift */ = {isa = PBXFileReference; fileEncoding = 4; lastKnownFileType = sourcecode.swift; path = FileManagerTableViewController.swift; sourceTree = "<group>"; };
		B09394B71AFD08DC00AE9B5C /* AudiometerResultsViewController.swift */ = {isa = PBXFileReference; fileEncoding = 4; lastKnownFileType = sourcecode.swift; name = AudiometerResultsViewController.swift; path = "Edit Views/AudiometerResultsViewController.swift"; sourceTree = "<group>"; };
		B09B05681AD5F89700E9D9DC /* SaveFileViewController.swift */ = {isa = PBXFileReference; fileEncoding = 4; lastKnownFileType = sourcecode.swift; path = SaveFileViewController.swift; sourceTree = "<group>"; };
		B0A1A7AF1C28D91400361172 /* AsyncButton.swift */ = {isa = PBXFileReference; fileEncoding = 4; lastKnownFileType = sourcecode.swift; path = AsyncButton.swift; sourceTree = "<group>"; };
		B0A1A7B01C28D91400361172 /* AsyncImageView.swift */ = {isa = PBXFileReference; fileEncoding = 4; lastKnownFileType = sourcecode.swift; path = AsyncImageView.swift; sourceTree = "<group>"; };
		B0A1A7B11C28D91400361172 /* AutoTextView.swift */ = {isa = PBXFileReference; fileEncoding = 4; lastKnownFileType = sourcecode.swift; path = AutoTextView.swift; sourceTree = "<group>"; };
		B0A1A7B21C28D91400361172 /* BlurView.swift */ = {isa = PBXFileReference; fileEncoding = 4; lastKnownFileType = sourcecode.swift; path = BlurView.swift; sourceTree = "<group>"; };
		B0A1A7B31C28D91400361172 /* DesignableButton.swift */ = {isa = PBXFileReference; fileEncoding = 4; lastKnownFileType = sourcecode.swift; path = DesignableButton.swift; sourceTree = "<group>"; };
		B0A1A7B41C28D91400361172 /* DesignableImageView.swift */ = {isa = PBXFileReference; fileEncoding = 4; lastKnownFileType = sourcecode.swift; path = DesignableImageView.swift; sourceTree = "<group>"; };
		B0A1A7B51C28D91400361172 /* DesignableLabel.swift */ = {isa = PBXFileReference; fileEncoding = 4; lastKnownFileType = sourcecode.swift; path = DesignableLabel.swift; sourceTree = "<group>"; };
		B0A1A7B61C28D91400361172 /* DesignableTabBarController.swift */ = {isa = PBXFileReference; fileEncoding = 4; lastKnownFileType = sourcecode.swift; path = DesignableTabBarController.swift; sourceTree = "<group>"; };
		B0A1A7B71C28D91400361172 /* DesignableTextField.swift */ = {isa = PBXFileReference; fileEncoding = 4; lastKnownFileType = sourcecode.swift; path = DesignableTextField.swift; sourceTree = "<group>"; };
		B0A1A7B81C28D91400361172 /* DesignableTextView.swift */ = {isa = PBXFileReference; fileEncoding = 4; lastKnownFileType = sourcecode.swift; path = DesignableTextView.swift; sourceTree = "<group>"; };
		B0A1A7B91C28D91400361172 /* DesignableView.swift */ = {isa = PBXFileReference; fileEncoding = 4; lastKnownFileType = sourcecode.swift; path = DesignableView.swift; sourceTree = "<group>"; };
		B0A1A7BA1C28D91400361172 /* ImageLoader.swift */ = {isa = PBXFileReference; fileEncoding = 4; lastKnownFileType = sourcecode.swift; path = ImageLoader.swift; sourceTree = "<group>"; };
		B0A1A7BB1C28D91400361172 /* Info.plist */ = {isa = PBXFileReference; fileEncoding = 4; lastKnownFileType = text.plist.xml; path = Info.plist; sourceTree = "<group>"; };
		B0A1A7BC1C28D91400361172 /* KeyboardLayoutConstraint.swift */ = {isa = PBXFileReference; fileEncoding = 4; lastKnownFileType = sourcecode.swift; path = KeyboardLayoutConstraint.swift; sourceTree = "<group>"; };
		B0A1A7BD1C28D91400361172 /* LoadingView.swift */ = {isa = PBXFileReference; fileEncoding = 4; lastKnownFileType = sourcecode.swift; path = LoadingView.swift; sourceTree = "<group>"; };
		B0A1A7BE1C28D91400361172 /* LoadingView.xib */ = {isa = PBXFileReference; fileEncoding = 4; lastKnownFileType = file.xib; path = LoadingView.xib; sourceTree = "<group>"; };
		B0A1A7BF1C28D91400361172 /* Misc.swift */ = {isa = PBXFileReference; fileEncoding = 4; lastKnownFileType = sourcecode.swift; path = Misc.swift; sourceTree = "<group>"; };
		B0A1A7C01C28D91400361172 /* SoundPlayer.swift */ = {isa = PBXFileReference; fileEncoding = 4; lastKnownFileType = sourcecode.swift; path = SoundPlayer.swift; sourceTree = "<group>"; };
		B0A1A7C11C28D91400361172 /* Spring.h */ = {isa = PBXFileReference; fileEncoding = 4; lastKnownFileType = sourcecode.c.h; path = Spring.h; sourceTree = "<group>"; };
		B0A1A7C21C28D91400361172 /* Spring.swift */ = {isa = PBXFileReference; fileEncoding = 4; lastKnownFileType = sourcecode.swift; path = Spring.swift; sourceTree = "<group>"; };
		B0A1A7C31C28D91400361172 /* SpringAnimation.swift */ = {isa = PBXFileReference; fileEncoding = 4; lastKnownFileType = sourcecode.swift; path = SpringAnimation.swift; sourceTree = "<group>"; };
		B0A1A7C41C28D91400361172 /* SpringButton.swift */ = {isa = PBXFileReference; fileEncoding = 4; lastKnownFileType = sourcecode.swift; path = SpringButton.swift; sourceTree = "<group>"; };
		B0A1A7C51C28D91400361172 /* SpringImageView.swift */ = {isa = PBXFileReference; fileEncoding = 4; lastKnownFileType = sourcecode.swift; path = SpringImageView.swift; sourceTree = "<group>"; };
		B0A1A7C61C28D91400361172 /* SpringLabel.swift */ = {isa = PBXFileReference; fileEncoding = 4; lastKnownFileType = sourcecode.swift; path = SpringLabel.swift; sourceTree = "<group>"; };
		B0A1A7C71C28D91400361172 /* SpringTextField.swift */ = {isa = PBXFileReference; fileEncoding = 4; lastKnownFileType = sourcecode.swift; path = SpringTextField.swift; sourceTree = "<group>"; };
		B0A1A7C81C28D91400361172 /* SpringTextView.swift */ = {isa = PBXFileReference; fileEncoding = 4; lastKnownFileType = sourcecode.swift; path = SpringTextView.swift; sourceTree = "<group>"; };
		B0A1A7C91C28D91400361172 /* SpringView.swift */ = {isa = PBXFileReference; fileEncoding = 4; lastKnownFileType = sourcecode.swift; path = SpringView.swift; sourceTree = "<group>"; };
		B0A1A7CA1C28D91400361172 /* TransitionManager.swift */ = {isa = PBXFileReference; fileEncoding = 4; lastKnownFileType = sourcecode.swift; path = TransitionManager.swift; sourceTree = "<group>"; };
		B0A1A7CB1C28D91400361172 /* TransitionZoom.swift */ = {isa = PBXFileReference; fileEncoding = 4; lastKnownFileType = sourcecode.swift; path = TransitionZoom.swift; sourceTree = "<group>"; };
		B0A1A7CC1C28D91400361172 /* UnwindSegue.swift */ = {isa = PBXFileReference; fileEncoding = 4; lastKnownFileType = sourcecode.swift; path = UnwindSegue.swift; sourceTree = "<group>"; };
		B0A423AF1ACF53C9001899D8 /* ConductionDetailTableViewController.swift */ = {isa = PBXFileReference; fileEncoding = 4; lastKnownFileType = sourcecode.swift; name = ConductionDetailTableViewController.swift; path = "Edit Views/ConductionDetailTableViewController.swift"; sourceTree = "<group>"; };
		B0A423B11ACFA2C7001899D8 /* ConductionDetailTableViewCell.swift */ = {isa = PBXFileReference; fileEncoding = 4; lastKnownFileType = sourcecode.swift; name = ConductionDetailTableViewCell.swift; path = "Edit Views/ConductionDetailTableViewCell.swift"; sourceTree = "<group>"; };
		B0A423B31ACFC549001899D8 /* HistoryDetailViewController.swift */ = {isa = PBXFileReference; fileEncoding = 4; lastKnownFileType = sourcecode.swift; name = HistoryDetailViewController.swift; path = "Edit Views/HistoryDetailViewController.swift"; sourceTree = "<group>"; };
		B0A423B51ACFCA6E001899D8 /* BaselineDetailViewController.swift */ = {isa = PBXFileReference; fileEncoding = 4; lastKnownFileType = sourcecode.swift; name = BaselineDetailViewController.swift; path = "Edit Views/BaselineDetailViewController.swift"; sourceTree = "<group>"; };
		B0A423B71ACFD9FA001899D8 /* MonthlyDetailViewController.swift */ = {isa = PBXFileReference; fileEncoding = 4; lastKnownFileType = sourcecode.swift; name = MonthlyDetailViewController.swift; path = "Edit Views/MonthlyDetailViewController.swift"; sourceTree = "<group>"; };
		B0A423B91ACFDA0B001899D8 /* OtoscopyDetailsViewController.swift */ = {isa = PBXFileReference; fileEncoding = 4; lastKnownFileType = sourcecode.swift; name = OtoscopyDetailsViewController.swift; path = "Edit Views/OtoscopyDetailsViewController.swift"; sourceTree = "<group>"; };
		B0A90DD61AFF44EE00C5CB69 /* ImportExportViewController.swift */ = {isa = PBXFileReference; fileEncoding = 4; lastKnownFileType = sourcecode.swift; path = ImportExportViewController.swift; sourceTree = "<group>"; };
		B0B8DFF31AF8E6C50054DEBC /* OutcomesViewController.swift */ = {isa = PBXFileReference; fileEncoding = 4; lastKnownFileType = sourcecode.swift; name = OutcomesViewController.swift; path = "Edit Views/OutcomesViewController.swift"; sourceTree = "<group>"; };
		EE7B93211C4043520008F858 /* CSwiftV.swift */ = {isa = PBXFileReference; fileEncoding = 4; lastKnownFileType = sourcecode.swift; name = CSwiftV.swift; path = CSwiftV/CSwiftV.swift; sourceTree = "<group>"; };
/* End PBXFileReference section */

/* Begin PBXFrameworksBuildPhase section */
		116181AC1AC7995900091A97 /* Frameworks */ = {
			isa = PBXFrameworksBuildPhase;
			buildActionMask = 2147483647;
			files = (
			);
			runOnlyForDeploymentPostprocessing = 0;
		};
/* End PBXFrameworksBuildPhase section */

/* Begin PBXGroup section */
		116181A61AC7995900091A97 = {
			isa = PBXGroup;
			children = (
				116181B11AC7995900091A97 /* MDRTBHearingScreening */,
				116181B01AC7995900091A97 /* Products */,
			);
			sourceTree = "<group>";
		};
		116181B01AC7995900091A97 /* Products */ = {
			isa = PBXGroup;
			children = (
				116181AF1AC7995900091A97 /* MDRTBHearingScreening.app */,
			);
			name = Products;
			sourceTree = "<group>";
		};
		116181B11AC7995900091A97 /* MDRTBHearingScreening */ = {
			isa = PBXGroup;
			children = (
				B075820E1AD04E5A001972B5 /* MDRTBHearingScreening.plist */,
				116181B41AC7995900091A97 /* AppDelegate.swift */,
				B0575DA91ACAF51B006165F3 /* Test.swift */,
				1161821E1AC804EA00091A97 /* TestsTableViewController.swift */,
				B0A90DD61AFF44EE00C5CB69 /* ImportExportViewController.swift */,
				116181BB1AC7995900091A97 /* Main.storyboard */,
				B03C52241ACF1A0500728F14 /* Edit Views */,
				116182201AC8056600091A97 /* DetailTableViewController.swift */,
				B07582121AD21994001972B5 /* FileManagerTableViewController.swift */,
				B06DA3F21AE63E150053E8BE /* SettingsTableViewController.swift */,
				B071FAC41AE77F64007F86FE /* SettingsDetailTableViewController.swift */,
				B09B05681AD5F89700E9D9DC /* SaveFileViewController.swift */,
				B03C52201ACEF3C400728F14 /* TestDetailView.swift */,
				B0575DAF1ACDC459006165F3 /* ManagedLabel.swift */,
				B0575DAB1ACC2E7B006165F3 /* ManagedTextField.swift */,
				B0575DAD1ACC4427006165F3 /* ManagedSegmentedControl.swift */,
				1144858D1AC85B3500846557 /* DatePickerViewController.swift */,
				1144858B1AC84DE900846557 /* DetailCollectionViewController.swift */,
				B03C52251ACF1C6900728F14 /* PatientDetailEditViewController.swift */,
				116181BE1AC7995900091A97 /* Images.xcassets */,
				116181C01AC7995900091A97 /* LaunchScreen.xib */,
				116181B61AC7995900091A97 /* MDRTBHearingScreening.xcdatamodeld */,
				EE7B93231C4043650008F858 /* CSwiftV */,
				B0A1A7AE1C28D91400361172 /* Spring */,
				116181B21AC7995900091A97 /* Supporting Files */,
				116182221AC8059F00091A97 /* UtilityFunctions.swift */,
				116182191AC7BB7000091A97 /* MDRTBHearingScreening-Bridging-Header.h */,
			);
			path = MDRTBHearingScreening;
			sourceTree = "<group>";
		};
		116181B21AC7995900091A97 /* Supporting Files */ = {
			isa = PBXGroup;
			children = (
				116181B31AC7995900091A97 /* Info.plist */,
			);
			name = "Supporting Files";
			sourceTree = "<group>";
		};
		B03C52241ACF1A0500728F14 /* Edit Views */ = {
			isa = PBXGroup;
			children = (
				B0575DB11ACDD7AE006165F3 /* TestDetailEditViewController.swift */,
				B0A423B31ACFC549001899D8 /* HistoryDetailViewController.swift */,
				B0A423B51ACFCA6E001899D8 /* BaselineDetailViewController.swift */,
				B0A423B71ACFD9FA001899D8 /* MonthlyDetailViewController.swift */,
				B0A423B91ACFDA0B001899D8 /* OtoscopyDetailsViewController.swift */,
				B09394B71AFD08DC00AE9B5C /* AudiometerResultsViewController.swift */,
				B0A423AF1ACF53C9001899D8 /* ConductionDetailTableViewController.swift */,
				B0A423B11ACFA2C7001899D8 /* ConductionDetailTableViewCell.swift */,
				B0B8DFF31AF8E6C50054DEBC /* OutcomesViewController.swift */,
			);
			name = "Edit Views";
			sourceTree = "<group>";
		};
		B0A1A7AE1C28D91400361172 /* Spring */ = {
			isa = PBXGroup;
			children = (
				B0A1A7AF1C28D91400361172 /* AsyncButton.swift */,
				B0A1A7B01C28D91400361172 /* AsyncImageView.swift */,
				B0A1A7B11C28D91400361172 /* AutoTextView.swift */,
				B0A1A7B21C28D91400361172 /* BlurView.swift */,
				B0A1A7B31C28D91400361172 /* DesignableButton.swift */,
				B0A1A7B41C28D91400361172 /* DesignableImageView.swift */,
				B0A1A7B51C28D91400361172 /* DesignableLabel.swift */,
				B0A1A7B61C28D91400361172 /* DesignableTabBarController.swift */,
				B0A1A7B71C28D91400361172 /* DesignableTextField.swift */,
				B0A1A7B81C28D91400361172 /* DesignableTextView.swift */,
				B0A1A7B91C28D91400361172 /* DesignableView.swift */,
				B0A1A7BA1C28D91400361172 /* ImageLoader.swift */,
				B0A1A7BB1C28D91400361172 /* Info.plist */,
				B0A1A7BC1C28D91400361172 /* KeyboardLayoutConstraint.swift */,
				B0A1A7BD1C28D91400361172 /* LoadingView.swift */,
				B0A1A7BE1C28D91400361172 /* LoadingView.xib */,
				B0A1A7BF1C28D91400361172 /* Misc.swift */,
				B0A1A7C01C28D91400361172 /* SoundPlayer.swift */,
				B0A1A7C11C28D91400361172 /* Spring.h */,
				B0A1A7C21C28D91400361172 /* Spring.swift */,
				B0A1A7C31C28D91400361172 /* SpringAnimation.swift */,
				B0A1A7C41C28D91400361172 /* SpringButton.swift */,
				B0A1A7C51C28D91400361172 /* SpringImageView.swift */,
				B0A1A7C61C28D91400361172 /* SpringLabel.swift */,
				B0A1A7C71C28D91400361172 /* SpringTextField.swift */,
				B0A1A7C81C28D91400361172 /* SpringTextView.swift */,
				B0A1A7C91C28D91400361172 /* SpringView.swift */,
				B0A1A7CA1C28D91400361172 /* TransitionManager.swift */,
				B0A1A7CB1C28D91400361172 /* TransitionZoom.swift */,
				B0A1A7CC1C28D91400361172 /* UnwindSegue.swift */,
			);
			path = Spring;
			sourceTree = "<group>";
		};
		EE7B93231C4043650008F858 /* CSwiftV */ = {
			isa = PBXGroup;
			children = (
				EE7B93211C4043520008F858 /* CSwiftV.swift */,
			);
			name = CSwiftV;
			sourceTree = "<group>";
		};
/* End PBXGroup section */

/* Begin PBXNativeTarget section */
		116181AE1AC7995900091A97 /* MDRTBHearingScreening */ = {
			isa = PBXNativeTarget;
			buildConfigurationList = 116181D11AC7995900091A97 /* Build configuration list for PBXNativeTarget "MDRTBHearingScreening" */;
			buildPhases = (
				116181AB1AC7995900091A97 /* Sources */,
				116181AC1AC7995900091A97 /* Frameworks */,
				116181AD1AC7995900091A97 /* Resources */,
			);
			buildRules = (
			);
			dependencies = (
			);
			name = MDRTBHearingScreening;
			productName = MRTBHearingScreening;
			productReference = 116181AF1AC7995900091A97 /* MDRTBHearingScreening.app */;
			productType = "com.apple.product-type.application";
		};
/* End PBXNativeTarget section */

/* Begin PBXProject section */
		116181A71AC7995900091A97 /* Project object */ = {
			isa = PBXProject;
			attributes = {
				LastSwiftMigration = 0710;
				LastSwiftUpdateCheck = 0710;
				LastUpgradeCheck = 0620;
				ORGANIZATIONNAME = "Miguel Clark";
				TargetAttributes = {
					116181AE1AC7995900091A97 = {
						CreatedOnToolsVersion = 6.2;
						DevelopmentTeam = SNG8EJWACP;
						SystemCapabilities = {
							com.apple.DataProtection = {
								enabled = 1;
							};
						};
					};
				};
			};
			buildConfigurationList = 116181AA1AC7995900091A97 /* Build configuration list for PBXProject "MDRTBHearingScreening" */;
			compatibilityVersion = "Xcode 3.2";
			developmentRegion = English;
			hasScannedForEncodings = 0;
			knownRegions = (
				en,
				Base,
			);
			mainGroup = 116181A61AC7995900091A97;
			productRefGroup = 116181B01AC7995900091A97 /* Products */;
			projectDirPath = "";
			projectRoot = "";
			targets = (
				116181AE1AC7995900091A97 /* MDRTBHearingScreening */,
			);
		};
/* End PBXProject section */

/* Begin PBXResourcesBuildPhase section */
		116181AD1AC7995900091A97 /* Resources */ = {
			isa = PBXResourcesBuildPhase;
			buildActionMask = 2147483647;
			files = (
				B075820F1AD04E5A001972B5 /* MDRTBHearingScreening.plist in Resources */,
				116181BD1AC7995900091A97 /* Main.storyboard in Resources */,
				116181C21AC7995900091A97 /* LaunchScreen.xib in Resources */,
				B0A1A7DC1C28D91400361172 /* LoadingView.xib in Resources */,
				B0A1A7D91C28D91400361172 /* Info.plist in Resources */,
				116181BF1AC7995900091A97 /* Images.xcassets in Resources */,
			);
			runOnlyForDeploymentPostprocessing = 0;
		};
/* End PBXResourcesBuildPhase section */

/* Begin PBXSourcesBuildPhase section */
		116181AB1AC7995900091A97 /* Sources */ = {
			isa = PBXSourcesBuildPhase;
			buildActionMask = 2147483647;
			files = (
				B0A1A7E91C28D91400361172 /* UnwindSegue.swift in Sources */,
				B0575DAC1ACC2E7B006165F3 /* ManagedTextField.swift in Sources */,
				B0A1A7E21C28D91400361172 /* SpringImageView.swift in Sources */,
				B0A1A7D21C28D91400361172 /* DesignableImageView.swift in Sources */,
				B0575DB21ACDD7AE006165F3 /* TestDetailEditViewController.swift in Sources */,
				B0A423BA1ACFDA0B001899D8 /* OtoscopyDetailsViewController.swift in Sources */,
				B0575DB01ACDC459006165F3 /* ManagedLabel.swift in Sources */,
				B0A1A7E41C28D91400361172 /* SpringTextField.swift in Sources */,
				B0A1A7DE1C28D91400361172 /* SoundPlayer.swift in Sources */,
				B03C52261ACF1C6900728F14 /* PatientDetailEditViewController.swift in Sources */,
				B0A1A7D41C28D91400361172 /* DesignableTabBarController.swift in Sources */,
				B0A423B21ACFA2C7001899D8 /* ConductionDetailTableViewCell.swift in Sources */,
				116182211AC8056600091A97 /* DetailTableViewController.swift in Sources */,
				B07582131AD21994001972B5 /* FileManagerTableViewController.swift in Sources */,
				1161821F1AC804EA00091A97 /* TestsTableViewController.swift in Sources */,
				B0A423B01ACF53C9001899D8 /* ConductionDetailTableViewController.swift in Sources */,
				B0A1A7D61C28D91400361172 /* DesignableTextView.swift in Sources */,
				B0A1A7E71C28D91400361172 /* TransitionManager.swift in Sources */,
				B0A1A7E31C28D91400361172 /* SpringLabel.swift in Sources */,
				B0A1A7DA1C28D91400361172 /* KeyboardLayoutConstraint.swift in Sources */,
				B03C52211ACEF3C400728F14 /* TestDetailView.swift in Sources */,
				116181B81AC7995900091A97 /* MDRTBHearingScreening.xcdatamodeld in Sources */,
				B0B8DFF41AF8E6C50054DEBC /* OutcomesViewController.swift in Sources */,
				B0A1A7DF1C28D91400361172 /* Spring.swift in Sources */,
				B0A1A7CE1C28D91400361172 /* AsyncImageView.swift in Sources */,
				B0A1A7E61C28D91400361172 /* SpringView.swift in Sources */,
				B09B05691AD5F89700E9D9DC /* SaveFileViewController.swift in Sources */,
				1144858E1AC85B3500846557 /* DatePickerViewController.swift in Sources */,
				B0A1A7D01C28D91400361172 /* BlurView.swift in Sources */,
				B0A1A7D51C28D91400361172 /* DesignableTextField.swift in Sources */,
				B0A423B41ACFC549001899D8 /* HistoryDetailViewController.swift in Sources */,
				B0A90DD71AFF44EE00C5CB69 /* ImportExportViewController.swift in Sources */,
				B06DA3F31AE63E150053E8BE /* SettingsTableViewController.swift in Sources */,
				B09394B81AFD08DC00AE9B5C /* AudiometerResultsViewController.swift in Sources */,
				B0A1A7DB1C28D91400361172 /* LoadingView.swift in Sources */,
				B0A1A7E51C28D91400361172 /* SpringTextView.swift in Sources */,
				B0A423B81ACFD9FA001899D8 /* MonthlyDetailViewController.swift in Sources */,
				B0A1A7D71C28D91400361172 /* DesignableView.swift in Sources */,
				B071FAC51AE77F64007F86FE /* SettingsDetailTableViewController.swift in Sources */,
				B0A423B61ACFCA6E001899D8 /* BaselineDetailViewController.swift in Sources */,
				EE7B93221C4043520008F858 /* CSwiftV.swift in Sources */,
				B0A1A7E81C28D91400361172 /* TransitionZoom.swift in Sources */,
				B0A1A7CD1C28D91400361172 /* AsyncButton.swift in Sources */,
				B0A1A7CF1C28D91400361172 /* AutoTextView.swift in Sources */,
				1144858C1AC84DE900846557 /* DetailCollectionViewController.swift in Sources */,
				B0A1A7D11C28D91400361172 /* DesignableButton.swift in Sources */,
				B0575DAA1ACAF51B006165F3 /* Test.swift in Sources */,
				B0A1A7D31C28D91400361172 /* DesignableLabel.swift in Sources */,
				116182231AC8059F00091A97 /* UtilityFunctions.swift in Sources */,
				B0A1A7E11C28D91400361172 /* SpringButton.swift in Sources */,
				B0575DAE1ACC4427006165F3 /* ManagedSegmentedControl.swift in Sources */,
				B0A1A7DD1C28D91400361172 /* Misc.swift in Sources */,
				B0A1A7E01C28D91400361172 /* SpringAnimation.swift in Sources */,
				116181B51AC7995900091A97 /* AppDelegate.swift in Sources */,
				B0A1A7D81C28D91400361172 /* ImageLoader.swift in Sources */,
			);
			runOnlyForDeploymentPostprocessing = 0;
		};
/* End PBXSourcesBuildPhase section */

/* Begin PBXVariantGroup section */
		116181BB1AC7995900091A97 /* Main.storyboard */ = {
			isa = PBXVariantGroup;
			children = (
				116181BC1AC7995900091A97 /* Base */,
			);
			name = Main.storyboard;
			sourceTree = "<group>";
		};
		116181C01AC7995900091A97 /* LaunchScreen.xib */ = {
			isa = PBXVariantGroup;
			children = (
				116181C11AC7995900091A97 /* Base */,
			);
			name = LaunchScreen.xib;
			sourceTree = "<group>";
		};
/* End PBXVariantGroup section */

/* Begin XCBuildConfiguration section */
		116181CF1AC7995900091A97 /* Debug */ = {
			isa = XCBuildConfiguration;
			buildSettings = {
				ALWAYS_SEARCH_USER_PATHS = NO;
				CLANG_CXX_LANGUAGE_STANDARD = "gnu++0x";
				CLANG_CXX_LIBRARY = "libc++";
				CLANG_ENABLE_MODULES = YES;
				CLANG_ENABLE_OBJC_ARC = YES;
				CLANG_WARN_BOOL_CONVERSION = YES;
				CLANG_WARN_CONSTANT_CONVERSION = YES;
				CLANG_WARN_DIRECT_OBJC_ISA_USAGE = YES_ERROR;
				CLANG_WARN_EMPTY_BODY = YES;
				CLANG_WARN_ENUM_CONVERSION = YES;
				CLANG_WARN_INT_CONVERSION = YES;
				CLANG_WARN_OBJC_ROOT_CLASS = YES_ERROR;
				CLANG_WARN_UNREACHABLE_CODE = YES;
				CLANG_WARN__DUPLICATE_METHOD_MATCH = YES;
				CODE_SIGN_IDENTITY = "iPhone Developer";
				"CODE_SIGN_IDENTITY[sdk=*]" = "iPhone Developer";
				COPY_PHASE_STRIP = NO;
				ENABLE_STRICT_OBJC_MSGSEND = YES;
				GCC_C_LANGUAGE_STANDARD = gnu99;
				GCC_DYNAMIC_NO_PIC = NO;
				GCC_OPTIMIZATION_LEVEL = 0;
				GCC_PREPROCESSOR_DEFINITIONS = (
					"DEBUG=1",
					"$(inherited)",
				);
				GCC_SYMBOLS_PRIVATE_EXTERN = NO;
				GCC_WARN_64_TO_32_BIT_CONVERSION = YES;
				GCC_WARN_ABOUT_RETURN_TYPE = YES_ERROR;
				GCC_WARN_UNDECLARED_SELECTOR = YES;
				GCC_WARN_UNINITIALIZED_AUTOS = YES_AGGRESSIVE;
				GCC_WARN_UNUSED_FUNCTION = YES;
				GCC_WARN_UNUSED_VARIABLE = YES;
				IPHONEOS_DEPLOYMENT_TARGET = 8.3;
				MTL_ENABLE_DEBUG_INFO = YES;
				ONLY_ACTIVE_ARCH = YES;
				SDKROOT = iphoneos;
				SWIFT_OPTIMIZATION_LEVEL = "-Onone";
				TARGETED_DEVICE_FAMILY = 2;
				VALIDATE_PRODUCT = NO;
			};
			name = Debug;
		};
		116181D01AC7995900091A97 /* Release */ = {
			isa = XCBuildConfiguration;
			buildSettings = {
				ALWAYS_SEARCH_USER_PATHS = NO;
				CLANG_CXX_LANGUAGE_STANDARD = "gnu++0x";
				CLANG_CXX_LIBRARY = "libc++";
				CLANG_ENABLE_MODULES = YES;
				CLANG_ENABLE_OBJC_ARC = YES;
				CLANG_WARN_BOOL_CONVERSION = YES;
				CLANG_WARN_CONSTANT_CONVERSION = YES;
				CLANG_WARN_DIRECT_OBJC_ISA_USAGE = YES_ERROR;
				CLANG_WARN_EMPTY_BODY = YES;
				CLANG_WARN_ENUM_CONVERSION = YES;
				CLANG_WARN_INT_CONVERSION = YES;
				CLANG_WARN_OBJC_ROOT_CLASS = YES_ERROR;
				CLANG_WARN_UNREACHABLE_CODE = YES;
				CLANG_WARN__DUPLICATE_METHOD_MATCH = YES;
				CODE_SIGN_IDENTITY = "iPhone Distribution";
				"CODE_SIGN_IDENTITY[sdk=*]" = "iPhone Distribution";
				COPY_PHASE_STRIP = NO;
				ENABLE_NS_ASSERTIONS = NO;
				ENABLE_STRICT_OBJC_MSGSEND = YES;
				GCC_C_LANGUAGE_STANDARD = gnu99;
				GCC_WARN_64_TO_32_BIT_CONVERSION = YES;
				GCC_WARN_ABOUT_RETURN_TYPE = YES_ERROR;
				GCC_WARN_UNDECLARED_SELECTOR = YES;
				GCC_WARN_UNINITIALIZED_AUTOS = YES_AGGRESSIVE;
				GCC_WARN_UNUSED_FUNCTION = YES;
				GCC_WARN_UNUSED_VARIABLE = YES;
				IPHONEOS_DEPLOYMENT_TARGET = 8.3;
				MTL_ENABLE_DEBUG_INFO = NO;
				ONLY_ACTIVE_ARCH = YES;
				SDKROOT = iphoneos;
				TARGETED_DEVICE_FAMILY = 2;
				VALIDATE_PRODUCT = NO;
			};
			name = Release;
		};
		116181D21AC7995900091A97 /* Debug */ = {
			isa = XCBuildConfiguration;
			buildSettings = {
				ASSETCATALOG_COMPILER_APPICON_NAME = AppIcon;
				ASSETCATALOG_COMPILER_LAUNCHIMAGE_NAME = LaunchImage;
				CODE_SIGN_IDENTITY = "iPhone Developer";
				"CODE_SIGN_IDENTITY[sdk=iphoneos*]" = "iPhone Developer";
				INFOPLIST_FILE = MDRTBHearingScreening/Info.plist;
				IPHONEOS_DEPLOYMENT_TARGET = 8.3;
				LD_RUNPATH_SEARCH_PATHS = "$(inherited) @executable_path/Frameworks";
				PRODUCT_BUNDLE_IDENTIFIER = com.incapari.MDRTBHearingScreening;
				PRODUCT_NAME = MDRTBHearingScreening;
				PROVISIONING_PROFILE = "";
				SWIFT_OBJC_BRIDGING_HEADER = "MDRTBHearingScreening/MDRTBHearingScreening-Bridging-Header.h";
				TARGETED_DEVICE_FAMILY = 2;
			};
			name = Debug;
		};
		116181D31AC7995900091A97 /* Release */ = {
			isa = XCBuildConfiguration;
			buildSettings = {
				ASSETCATALOG_COMPILER_APPICON_NAME = AppIcon;
				ASSETCATALOG_COMPILER_LAUNCHIMAGE_NAME = LaunchImage;
				CODE_SIGN_IDENTITY = "iPhone Developer";
				"CODE_SIGN_IDENTITY[sdk=iphoneos*]" = "iPhone Developer";
				INFOPLIST_FILE = MDRTBHearingScreening/Info.plist;
				IPHONEOS_DEPLOYMENT_TARGET = 8.3;
				LD_RUNPATH_SEARCH_PATHS = "$(inherited) @executable_path/Frameworks";
				PRODUCT_BUNDLE_IDENTIFIER = com.incapari.MDRTBHearingScreening;
				PRODUCT_NAME = MDRTBHearingScreening;
				PROVISIONING_PROFILE = "";
				SWIFT_OBJC_BRIDGING_HEADER = "MDRTBHearingScreening/MDRTBHearingScreening-Bridging-Header.h";
				TARGETED_DEVICE_FAMILY = 2;
			};
			name = Release;
		};
/* End XCBuildConfiguration section */

/* Begin XCConfigurationList section */
		116181AA1AC7995900091A97 /* Build configuration list for PBXProject "MDRTBHearingScreening" */ = {
			isa = XCConfigurationList;
			buildConfigurations = (
				116181CF1AC7995900091A97 /* Debug */,
				116181D01AC7995900091A97 /* Release */,
			);
			defaultConfigurationIsVisible = 0;
			defaultConfigurationName = Release;
		};
		116181D11AC7995900091A97 /* Build configuration list for PBXNativeTarget "MDRTBHearingScreening" */ = {
			isa = XCConfigurationList;
			buildConfigurations = (
				116181D21AC7995900091A97 /* Debug */,
				116181D31AC7995900091A97 /* Release */,
			);
			defaultConfigurationIsVisible = 0;
			defaultConfigurationName = Release;
		};
/* End XCConfigurationList section */

/* Begin XCVersionGroup section */
		116181B61AC7995900091A97 /* MDRTBHearingScreening.xcdatamodeld */ = {
			isa = XCVersionGroup;
			children = (
				116181B71AC7995900091A97 /* MDRTBHearingScreening.xcdatamodel */,
			);
			currentVersion = 116181B71AC7995900091A97 /* MDRTBHearingScreening.xcdatamodel */;
			path = MDRTBHearingScreening.xcdatamodeld;
			sourceTree = "<group>";
			versionGroupType = wrapper.xcdatamodel;
		};
/* End XCVersionGroup section */
	};
	rootObject = 116181A71AC7995900091A97 /* Project object */;
}
